
Microsoft Visual Studio Solution File, Format Version 12.00
# Visual Studio 15
VisualStudioVersion = 15.0.27703.2018
MinimumVisualStudioVersion = 10.0.40219.1
Project("{FAE04EC0-301F-11D3-BF4B-00C04F79EFBC}") = "App01_Cell.Android", "App01_Cell\App01_Cell.Android\App01_Cell.Android.csproj", "{339E85D4-8B9C-4FCA-B82F-7BD66904615E}"
EndProject
Project("{FAE04EC0-301F-11D3-BF4B-00C04F79EFBC}") = "App01_Cell.iOS", "App01_Cell\App01_Cell.iOS\App01_Cell.iOS.csproj", "{D0770CF1-81DC-4676-899B-0346819AFE23}"
EndProject
Project("{FAE04EC0-301F-11D3-BF4B-00C04F79EFBC}") = "App01_Cell.UWP", "App01_Cell\App01_Cell.UWP\App01_Cell.UWP.csproj", "{CB4F8C3D-FEF0-467D-87F2-1019CC3A62D4}"
EndProject
Project("{FAE04EC0-301F-11D3-BF4B-00C04F79EFBC}") = "App01_Cell", "App01_Cell\App01_Cell\App01_Cell.csproj", "{E0D4EBC9-C015-4E1D-A668-AAC5E071257C}"
EndProject
Global
	GlobalSection(SolutionConfigurationPlatforms) = preSolution
		Ad-Hoc|Any CPU = Ad-Hoc|Any CPU
		Ad-Hoc|ARM = Ad-Hoc|ARM
		Ad-Hoc|iPhone = Ad-Hoc|iPhone
		Ad-Hoc|iPhoneSimulator = Ad-Hoc|iPhoneSimulator
		Ad-Hoc|x64 = Ad-Hoc|x64
		Ad-Hoc|x86 = Ad-Hoc|x86
		AppStore|Any CPU = AppStore|Any CPU
		AppStore|ARM = AppStore|ARM
		AppStore|iPhone = AppStore|iPhone
		AppStore|iPhoneSimulator = AppStore|iPhoneSimulator
		AppStore|x64 = AppStore|x64
		AppStore|x86 = AppStore|x86
		Debug|Any CPU = Debug|Any CPU
		Debug|ARM = Debug|ARM
		Debug|iPhone = Debug|iPhone
		Debug|iPhoneSimulator = Debug|iPhoneSimulator
		Debug|x64 = Debug|x64
		Debug|x86 = Debug|x86
		Release|Any CPU = Release|Any CPU
		Release|ARM = Release|ARM
		Release|iPhone = Release|iPhone
		Release|iPhoneSimulator = Release|iPhoneSimulator
		Release|x64 = Release|x64
		Release|x86 = Release|x86
	EndGlobalSection
	GlobalSection(ProjectConfigurationPlatforms) = postSolution
		{339E85D4-8B9C-4FCA-B82F-7BD66904615E}.Ad-Hoc|Any CPU.ActiveCfg = Release|Any CPU
		{339E85D4-8B9C-4FCA-B82F-7BD66904615E}.Ad-Hoc|Any CPU.Build.0 = Release|Any CPU
		{339E85D4-8B9C-4FCA-B82F-7BD66904615E}.Ad-Hoc|Any CPU.Deploy.0 = Release|Any CPU
		{339E85D4-8B9C-4FCA-B82F-7BD66904615E}.Ad-Hoc|ARM.ActiveCfg = Release|Any CPU
		{339E85D4-8B9C-4FCA-B82F-7BD66904615E}.Ad-Hoc|ARM.Build.0 = Release|Any CPU
		{339E85D4-8B9C-4FCA-B82F-7BD66904615E}.Ad-Hoc|ARM.Deploy.0 = Release|Any CPU
		{339E85D4-8B9C-4FCA-B82F-7BD66904615E}.Ad-Hoc|iPhone.ActiveCfg = Release|Any CPU
		{339E85D4-8B9C-4FCA-B82F-7BD66904615E}.Ad-Hoc|iPhone.Build.0 = Release|Any CPU
		{339E85D4-8B9C-4FCA-B82F-7BD66904615E}.Ad-Hoc|iPhone.Deploy.0 = Release|Any CPU
		{339E85D4-8B9C-4FCA-B82F-7BD66904615E}.Ad-Hoc|iPhoneSimulator.ActiveCfg = Release|Any CPU
		{339E85D4-8B9C-4FCA-B82F-7BD66904615E}.Ad-Hoc|iPhoneSimulator.Build.0 = Release|Any CPU
		{339E85D4-8B9C-4FCA-B82F-7BD66904615E}.Ad-Hoc|iPhoneSimulator.Deploy.0 = Release|Any CPU
		{339E85D4-8B9C-4FCA-B82F-7BD66904615E}.Ad-Hoc|x64.ActiveCfg = Release|Any CPU
		{339E85D4-8B9C-4FCA-B82F-7BD66904615E}.Ad-Hoc|x64.Build.0 = Release|Any CPU
		{339E85D4-8B9C-4FCA-B82F-7BD66904615E}.Ad-Hoc|x64.Deploy.0 = Release|Any CPU
		{339E85D4-8B9C-4FCA-B82F-7BD66904615E}.Ad-Hoc|x86.ActiveCfg = Release|Any CPU
		{339E85D4-8B9C-4FCA-B82F-7BD66904615E}.Ad-Hoc|x86.Build.0 = Release|Any CPU
		{339E85D4-8B9C-4FCA-B82F-7BD66904615E}.Ad-Hoc|x86.Deploy.0 = Release|Any CPU
		{339E85D4-8B9C-4FCA-B82F-7BD66904615E}.AppStore|Any CPU.ActiveCfg = Release|Any CPU
		{339E85D4-8B9C-4FCA-B82F-7BD66904615E}.AppStore|Any CPU.Build.0 = Release|Any CPU
		{339E85D4-8B9C-4FCA-B82F-7BD66904615E}.AppStore|Any CPU.Deploy.0 = Release|Any CPU
		{339E85D4-8B9C-4FCA-B82F-7BD66904615E}.AppStore|ARM.ActiveCfg = Release|Any CPU
		{339E85D4-8B9C-4FCA-B82F-7BD66904615E}.AppStore|ARM.Build.0 = Release|Any CPU
		{339E85D4-8B9C-4FCA-B82F-7BD66904615E}.AppStore|ARM.Deploy.0 = Release|Any CPU
		{339E85D4-8B9C-4FCA-B82F-7BD66904615E}.AppStore|iPhone.ActiveCfg = Release|Any CPU
		{339E85D4-8B9C-4FCA-B82F-7BD66904615E}.AppStore|iPhone.Build.0 = Release|Any CPU
		{339E85D4-8B9C-4FCA-B82F-7BD66904615E}.AppStore|iPhone.Deploy.0 = Release|Any CPU
		{339E85D4-8B9C-4FCA-B82F-7BD66904615E}.AppStore|iPhoneSimulator.ActiveCfg = Release|Any CPU
		{339E85D4-8B9C-4FCA-B82F-7BD66904615E}.AppStore|iPhoneSimulator.Build.0 = Release|Any CPU
		{339E85D4-8B9C-4FCA-B82F-7BD66904615E}.AppStore|iPhoneSimulator.Deploy.0 = Release|Any CPU
		{339E85D4-8B9C-4FCA-B82F-7BD66904615E}.AppStore|x64.ActiveCfg = Release|Any CPU
		{339E85D4-8B9C-4FCA-B82F-7BD66904615E}.AppStore|x64.Build.0 = Release|Any CPU
		{339E85D4-8B9C-4FCA-B82F-7BD66904615E}.AppStore|x64.Deploy.0 = Release|Any CPU
		{339E85D4-8B9C-4FCA-B82F-7BD66904615E}.AppStore|x86.ActiveCfg = Release|Any CPU
		{339E85D4-8B9C-4FCA-B82F-7BD66904615E}.AppStore|x86.Build.0 = Release|Any CPU
		{339E85D4-8B9C-4FCA-B82F-7BD66904615E}.AppStore|x86.Deploy.0 = Release|Any CPU
		{339E85D4-8B9C-4FCA-B82F-7BD66904615E}.Debug|Any CPU.ActiveCfg = Debug|Any CPU
		{339E85D4-8B9C-4FCA-B82F-7BD66904615E}.Debug|Any CPU.Build.0 = Debug|Any CPU
		{339E85D4-8B9C-4FCA-B82F-7BD66904615E}.Debug|Any CPU.Deploy.0 = Debug|Any CPU
		{339E85D4-8B9C-4FCA-B82F-7BD66904615E}.Debug|ARM.ActiveCfg = Debug|Any CPU
		{339E85D4-8B9C-4FCA-B82F-7BD66904615E}.Debug|ARM.Build.0 = Debug|Any CPU
		{339E85D4-8B9C-4FCA-B82F-7BD66904615E}.Debug|ARM.Deploy.0 = Debug|Any CPU
		{339E85D4-8B9C-4FCA-B82F-7BD66904615E}.Debug|iPhone.ActiveCfg = Debug|Any CPU
		{339E85D4-8B9C-4FCA-B82F-7BD66904615E}.Debug|iPhone.Build.0 = Debug|Any CPU
		{339E85D4-8B9C-4FCA-B82F-7BD66904615E}.Debug|iPhone.Deploy.0 = Debug|Any CPU
		{339E85D4-8B9C-4FCA-B82F-7BD66904615E}.Debug|iPhoneSimulator.ActiveCfg = Debug|Any CPU
		{339E85D4-8B9C-4FCA-B82F-7BD66904615E}.Debug|iPhoneSimulator.Build.0 = Debug|Any CPU
		{339E85D4-8B9C-4FCA-B82F-7BD66904615E}.Debug|iPhoneSimulator.Deploy.0 = Debug|Any CPU
		{339E85D4-8B9C-4FCA-B82F-7BD66904615E}.Debug|x64.ActiveCfg = Debug|Any CPU
		{339E85D4-8B9C-4FCA-B82F-7BD66904615E}.Debug|x64.Build.0 = Debug|Any CPU
		{339E85D4-8B9C-4FCA-B82F-7BD66904615E}.Debug|x64.Deploy.0 = Debug|Any CPU
		{339E85D4-8B9C-4FCA-B82F-7BD66904615E}.Debug|x86.ActiveCfg = Debug|Any CPU
		{339E85D4-8B9C-4FCA-B82F-7BD66904615E}.Debug|x86.Build.0 = Debug|Any CPU
		{339E85D4-8B9C-4FCA-B82F-7BD66904615E}.Debug|x86.Deploy.0 = Debug|Any CPU
		{339E85D4-8B9C-4FCA-B82F-7BD66904615E}.Release|Any CPU.ActiveCfg = Release|Any CPU
		{339E85D4-8B9C-4FCA-B82F-7BD66904615E}.Release|Any CPU.Build.0 = Release|Any CPU
		{339E85D4-8B9C-4FCA-B82F-7BD66904615E}.Release|Any CPU.Deploy.0 = Release|Any CPU
		{339E85D4-8B9C-4FCA-B82F-7BD66904615E}.Release|ARM.ActiveCfg = Release|Any CPU
		{339E85D4-8B9C-4FCA-B82F-7BD66904615E}.Release|ARM.Build.0 = Release|Any CPU
		{339E85D4-8B9C-4FCA-B82F-7BD66904615E}.Release|ARM.Deploy.0 = Release|Any CPU
		{339E85D4-8B9C-4FCA-B82F-7BD66904615E}.Release|iPhone.ActiveCfg = Release|Any CPU
		{339E85D4-8B9C-4FCA-B82F-7BD66904615E}.Release|iPhone.Build.0 = Release|Any CPU
		{339E85D4-8B9C-4FCA-B82F-7BD66904615E}.Release|iPhone.Deploy.0 = Release|Any CPU
		{339E85D4-8B9C-4FCA-B82F-7BD66904615E}.Release|iPhoneSimulator.ActiveCfg = Release|Any CPU
		{339E85D4-8B9C-4FCA-B82F-7BD66904615E}.Release|iPhoneSimulator.Build.0 = Release|Any CPU
		{339E85D4-8B9C-4FCA-B82F-7BD66904615E}.Release|iPhoneSimulator.Deploy.0 = Release|Any CPU
		{339E85D4-8B9C-4FCA-B82F-7BD66904615E}.Release|x64.ActiveCfg = Release|Any CPU
		{339E85D4-8B9C-4FCA-B82F-7BD66904615E}.Release|x64.Build.0 = Release|Any CPU
		{339E85D4-8B9C-4FCA-B82F-7BD66904615E}.Release|x64.Deploy.0 = Release|Any CPU
		{339E85D4-8B9C-4FCA-B82F-7BD66904615E}.Release|x86.ActiveCfg = Release|Any CPU
		{339E85D4-8B9C-4FCA-B82F-7BD66904615E}.Release|x86.Build.0 = Release|Any CPU
		{339E85D4-8B9C-4FCA-B82F-7BD66904615E}.Release|x86.Deploy.0 = Release|Any CPU
		{D0770CF1-81DC-4676-899B-0346819AFE23}.Ad-Hoc|Any CPU.ActiveCfg = Ad-Hoc|iPhone
		{D0770CF1-81DC-4676-899B-0346819AFE23}.Ad-Hoc|Any CPU.Build.0 = Ad-Hoc|iPhone
		{D0770CF1-81DC-4676-899B-0346819AFE23}.Ad-Hoc|Any CPU.Deploy.0 = Ad-Hoc|iPhone
		{D0770CF1-81DC-4676-899B-0346819AFE23}.Ad-Hoc|ARM.ActiveCfg = Ad-Hoc|iPhone
		{D0770CF1-81DC-4676-899B-0346819AFE23}.Ad-Hoc|ARM.Build.0 = Ad-Hoc|iPhone
		{D0770CF1-81DC-4676-899B-0346819AFE23}.Ad-Hoc|ARM.Deploy.0 = Ad-Hoc|iPhone
		{D0770CF1-81DC-4676-899B-0346819AFE23}.Ad-Hoc|iPhone.ActiveCfg = Ad-Hoc|iPhone
		{D0770CF1-81DC-4676-899B-0346819AFE23}.Ad-Hoc|iPhone.Build.0 = Ad-Hoc|iPhone
		{D0770CF1-81DC-4676-899B-0346819AFE23}.Ad-Hoc|iPhone.Deploy.0 = Ad-Hoc|iPhone
		{D0770CF1-81DC-4676-899B-0346819AFE23}.Ad-Hoc|iPhoneSimulator.ActiveCfg = Ad-Hoc|iPhoneSimulator
		{D0770CF1-81DC-4676-899B-0346819AFE23}.Ad-Hoc|iPhoneSimulator.Build.0 = Ad-Hoc|iPhoneSimulator
		{D0770CF1-81DC-4676-899B-0346819AFE23}.Ad-Hoc|iPhoneSimulator.Deploy.0 = Ad-Hoc|iPhoneSimulator
		{D0770CF1-81DC-4676-899B-0346819AFE23}.Ad-Hoc|x64.ActiveCfg = Ad-Hoc|iPhone
		{D0770CF1-81DC-4676-899B-0346819AFE23}.Ad-Hoc|x64.Build.0 = Ad-Hoc|iPhone
		{D0770CF1-81DC-4676-899B-0346819AFE23}.Ad-Hoc|x64.Deploy.0 = Ad-Hoc|iPhone
		{D0770CF1-81DC-4676-899B-0346819AFE23}.Ad-Hoc|x86.ActiveCfg = Ad-Hoc|iPhone
		{D0770CF1-81DC-4676-899B-0346819AFE23}.Ad-Hoc|x86.Build.0 = Ad-Hoc|iPhone
		{D0770CF1-81DC-4676-899B-0346819AFE23}.Ad-Hoc|x86.Deploy.0 = Ad-Hoc|iPhone
		{D0770CF1-81DC-4676-899B-0346819AFE23}.AppStore|Any CPU.ActiveCfg = AppStore|iPhone
		{D0770CF1-81DC-4676-899B-0346819AFE23}.AppStore|Any CPU.Build.0 = AppStore|iPhone
		{D0770CF1-81DC-4676-899B-0346819AFE23}.AppStore|Any CPU.Deploy.0 = AppStore|iPhone
		{D0770CF1-81DC-4676-899B-0346819AFE23}.AppStore|ARM.ActiveCfg = AppStore|iPhone
		{D0770CF1-81DC-4676-899B-0346819AFE23}.AppStore|ARM.Build.0 = AppStore|iPhone
		{D0770CF1-81DC-4676-899B-0346819AFE23}.AppStore|ARM.Deploy.0 = AppStore|iPhone
		{D0770CF1-81DC-4676-899B-0346819AFE23}.AppStore|iPhone.ActiveCfg = AppStore|iPhone
		{D0770CF1-81DC-4676-899B-0346819AFE23}.AppStore|iPhone.Build.0 = AppStore|iPhone
		{D0770CF1-81DC-4676-899B-0346819AFE23}.AppStore|iPhone.Deploy.0 = AppStore|iPhone
		{D0770CF1-81DC-4676-899B-0346819AFE23}.AppStore|iPhoneSimulator.ActiveCfg = AppStore|iPhoneSimulator
		{D0770CF1-81DC-4676-899B-0346819AFE23}.AppStore|iPhoneSimulator.Build.0 = AppStore|iPhoneSimulator
		{D0770CF1-81DC-4676-899B-0346819AFE23}.AppStore|iPhoneSimulator.Deploy.0 = AppStore|iPhoneSimulator
		{D0770CF1-81DC-4676-899B-0346819AFE23}.AppStore|x64.ActiveCfg = AppStore|iPhone
		{D0770CF1-81DC-4676-899B-0346819AFE23}.AppStore|x64.Build.0 = AppStore|iPhone
		{D0770CF1-81DC-4676-899B-0346819AFE23}.AppStore|x64.Deploy.0 = AppStore|iPhone
		{D0770CF1-81DC-4676-899B-0346819AFE23}.AppStore|x86.ActiveCfg = AppStore|iPhone
		{D0770CF1-81DC-4676-899B-0346819AFE23}.AppStore|x86.Build.0 = AppStore|iPhone
		{D0770CF1-81DC-4676-899B-0346819AFE23}.AppStore|x86.Deploy.0 = AppStore|iPhone
		{D0770CF1-81DC-4676-899B-0346819AFE23}.Debug|Any CPU.ActiveCfg = Debug|iPhoneSimulator
		{D0770CF1-81DC-4676-899B-0346819AFE23}.Debug|Any CPU.Build.0 = Debug|iPhoneSimulator
		{D0770CF1-81DC-4676-899B-0346819AFE23}.Debug|Any CPU.Deploy.0 = Debug|iPhoneSimulator
		{D0770CF1-81DC-4676-899B-0346819AFE23}.Debug|ARM.ActiveCfg = Debug|iPhone
		{D0770CF1-81DC-4676-899B-0346819AFE23}.Debug|ARM.Build.0 = Debug|iPhone
		{D0770CF1-81DC-4676-899B-0346819AFE23}.Debug|ARM.Deploy.0 = Debug|iPhone
		{D0770CF1-81DC-4676-899B-0346819AFE23}.Debug|iPhone.ActiveCfg = Debug|iPhone
		{D0770CF1-81DC-4676-899B-0346819AFE23}.Debug|iPhone.Build.0 = Debug|iPhone
		{D0770CF1-81DC-4676-899B-0346819AFE23}.Debug|iPhone.Deploy.0 = Debug|iPhone
		{D0770CF1-81DC-4676-899B-0346819AFE23}.Debug|iPhoneSimulator.ActiveCfg = Debug|iPhoneSimulator
		{D0770CF1-81DC-4676-899B-0346819AFE23}.Debug|iPhoneSimulator.Build.0 = Debug|iPhoneSimulator
		{D0770CF1-81DC-4676-899B-0346819AFE23}.Debug|iPhoneSimulator.Deploy.0 = Debug|iPhoneSimulator
		{D0770CF1-81DC-4676-899B-0346819AFE23}.Debug|x64.ActiveCfg = Debug|iPhone
		{D0770CF1-81DC-4676-899B-0346819AFE23}.Debug|x64.Build.0 = Debug|iPhone
		{D0770CF1-81DC-4676-899B-0346819AFE23}.Debug|x64.Deploy.0 = Debug|iPhone
		{D0770CF1-81DC-4676-899B-0346819AFE23}.Debug|x86.ActiveCfg = Debug|iPhone
		{D0770CF1-81DC-4676-899B-0346819AFE23}.Debug|x86.Build.0 = Debug|iPhone
		{D0770CF1-81DC-4676-899B-0346819AFE23}.Debug|x86.Deploy.0 = Debug|iPhone
		{D0770CF1-81DC-4676-899B-0346819AFE23}.Release|Any CPU.ActiveCfg = Release|iPhone
		{D0770CF1-81DC-4676-899B-0346819AFE23}.Release|Any CPU.Build.0 = Release|iPhone
		{D0770CF1-81DC-4676-899B-0346819AFE23}.Release|Any CPU.Deploy.0 = Release|iPhone
		{D0770CF1-81DC-4676-899B-0346819AFE23}.Release|ARM.ActiveCfg = Release|iPhone
		{D0770CF1-81DC-4676-899B-0346819AFE23}.Release|ARM.Build.0 = Release|iPhone
		{D0770CF1-81DC-4676-899B-0346819AFE23}.Release|ARM.Deploy.0 = Release|iPhone
		{D0770CF1-81DC-4676-899B-0346819AFE23}.Release|iPhone.ActiveCfg = Release|iPhone
		{D0770CF1-81DC-4676-899B-0346819AFE23}.Release|iPhone.Build.0 = Release|iPhone
		{D0770CF1-81DC-4676-899B-0346819AFE23}.Release|iPhone.Deploy.0 = Release|iPhone
		{D0770CF1-81DC-4676-899B-0346819AFE23}.Release|iPhoneSimulator.ActiveCfg = Release|iPhoneSimulator
		{D0770CF1-81DC-4676-899B-0346819AFE23}.Release|iPhoneSimulator.Build.0 = Release|iPhoneSimulator
		{D0770CF1-81DC-4676-899B-0346819AFE23}.Release|iPhoneSimulator.Deploy.0 = Release|iPhoneSimulator
		{D0770CF1-81DC-4676-899B-0346819AFE23}.Release|x64.ActiveCfg = Release|iPhone
		{D0770CF1-81DC-4676-899B-0346819AFE23}.Release|x64.Build.0 = Release|iPhone
		{D0770CF1-81DC-4676-899B-0346819AFE23}.Release|x64.Deploy.0 = Release|iPhone
		{D0770CF1-81DC-4676-899B-0346819AFE23}.Release|x86.ActiveCfg = Release|iPhone
		{D0770CF1-81DC-4676-899B-0346819AFE23}.Release|x86.Build.0 = Release|iPhone
		{D0770CF1-81DC-4676-899B-0346819AFE23}.Release|x86.Deploy.0 = Release|iPhone
		{CB4F8C3D-FEF0-467D-87F2-1019CC3A62D4}.Ad-Hoc|Any CPU.ActiveCfg = Release|x86
		{CB4F8C3D-FEF0-467D-87F2-1019CC3A62D4}.Ad-Hoc|Any CPU.Build.0 = Release|x86
		{CB4F8C3D-FEF0-467D-87F2-1019CC3A62D4}.Ad-Hoc|Any CPU.Deploy.0 = Release|x86
		{CB4F8C3D-FEF0-467D-87F2-1019CC3A62D4}.Ad-Hoc|ARM.ActiveCfg = Release|ARM
		{CB4F8C3D-FEF0-467D-87F2-1019CC3A62D4}.Ad-Hoc|ARM.Build.0 = Release|ARM
		{CB4F8C3D-FEF0-467D-87F2-1019CC3A62D4}.Ad-Hoc|ARM.Deploy.0 = Release|ARM
		{CB4F8C3D-FEF0-467D-87F2-1019CC3A62D4}.Ad-Hoc|iPhone.ActiveCfg = Release|x86
		{CB4F8C3D-FEF0-467D-87F2-1019CC3A62D4}.Ad-Hoc|iPhone.Build.0 = Release|x86
		{CB4F8C3D-FEF0-467D-87F2-1019CC3A62D4}.Ad-Hoc|iPhone.Deploy.0 = Release|x86
		{CB4F8C3D-FEF0-467D-87F2-1019CC3A62D4}.Ad-Hoc|iPhoneSimulator.ActiveCfg = Release|x86
		{CB4F8C3D-FEF0-467D-87F2-1019CC3A62D4}.Ad-Hoc|iPhoneSimulator.Build.0 = Release|x86
		{CB4F8C3D-FEF0-467D-87F2-1019CC3A62D4}.Ad-Hoc|iPhoneSimulator.Deploy.0 = Release|x86
		{CB4F8C3D-FEF0-467D-87F2-1019CC3A62D4}.Ad-Hoc|x64.ActiveCfg = Release|x64
		{CB4F8C3D-FEF0-467D-87F2-1019CC3A62D4}.Ad-Hoc|x64.Build.0 = Release|x64
		{CB4F8C3D-FEF0-467D-87F2-1019CC3A62D4}.Ad-Hoc|x64.Deploy.0 = Release|x64
		{CB4F8C3D-FEF0-467D-87F2-1019CC3A62D4}.Ad-Hoc|x86.ActiveCfg = Release|x86
		{CB4F8C3D-FEF0-467D-87F2-1019CC3A62D4}.Ad-Hoc|x86.Build.0 = Release|x86
		{CB4F8C3D-FEF0-467D-87F2-1019CC3A62D4}.Ad-Hoc|x86.Deploy.0 = Release|x86
		{CB4F8C3D-FEF0-467D-87F2-1019CC3A62D4}.AppStore|Any CPU.ActiveCfg = Release|x86
		{CB4F8C3D-FEF0-467D-87F2-1019CC3A62D4}.AppStore|Any CPU.Build.0 = Release|x86
		{CB4F8C3D-FEF0-467D-87F2-1019CC3A62D4}.AppStore|Any CPU.Deploy.0 = Release|x86
		{CB4F8C3D-FEF0-467D-87F2-1019CC3A62D4}.AppStore|ARM.ActiveCfg = Release|ARM
		{CB4F8C3D-FEF0-467D-87F2-1019CC3A62D4}.AppStore|ARM.Build.0 = Release|ARM
		{CB4F8C3D-FEF0-467D-87F2-1019CC3A62D4}.AppStore|ARM.Deploy.0 = Release|ARM
		{CB4F8C3D-FEF0-467D-87F2-1019CC3A62D4}.AppStore|iPhone.ActiveCfg = Release|x86
		{CB4F8C3D-FEF0-467D-87F2-1019CC3A62D4}.AppStore|iPhone.Build.0 = Release|x86
		{CB4F8C3D-FEF0-467D-87F2-1019CC3A62D4}.AppStore|iPhone.Deploy.0 = Release|x86
		{CB4F8C3D-FEF0-467D-87F2-1019CC3A62D4}.AppStore|iPhoneSimulator.ActiveCfg = Release|x86
		{CB4F8C3D-FEF0-467D-87F2-1019CC3A62D4}.AppStore|iPhoneSimulator.Build.0 = Release|x86
		{CB4F8C3D-FEF0-467D-87F2-1019CC3A62D4}.AppStore|iPhoneSimulator.Deploy.0 = Release|x86
		{CB4F8C3D-FEF0-467D-87F2-1019CC3A62D4}.AppStore|x64.ActiveCfg = Release|x64
		{CB4F8C3D-FEF0-467D-87F2-1019CC3A62D4}.AppStore|x64.Build.0 = Release|x64
		{CB4F8C3D-FEF0-467D-87F2-1019CC3A62D4}.AppStore|x64.Deploy.0 = Release|x64
		{CB4F8C3D-FEF0-467D-87F2-1019CC3A62D4}.AppStore|x86.ActiveCfg = Release|x86
		{CB4F8C3D-FEF0-467D-87F2-1019CC3A62D4}.AppStore|x86.Build.0 = Release|x86
		{CB4F8C3D-FEF0-467D-87F2-1019CC3A62D4}.AppStore|x86.Deploy.0 = Release|x86
		{CB4F8C3D-FEF0-467D-87F2-1019CC3A62D4}.Debug|Any CPU.ActiveCfg = Debug|x86
		{CB4F8C3D-FEF0-467D-87F2-1019CC3A62D4}.Debug|Any CPU.Build.0 = Debug|x86
		{CB4F8C3D-FEF0-467D-87F2-1019CC3A62D4}.Debug|Any CPU.Deploy.0 = Debug|x86
		{CB4F8C3D-FEF0-467D-87F2-1019CC3A62D4}.Debug|ARM.ActiveCfg = Debug|ARM
		{CB4F8C3D-FEF0-467D-87F2-1019CC3A62D4}.Debug|ARM.Build.0 = Debug|ARM
		{CB4F8C3D-FEF0-467D-87F2-1019CC3A62D4}.Debug|ARM.Deploy.0 = Debug|ARM
		{CB4F8C3D-FEF0-467D-87F2-1019CC3A62D4}.Debug|iPhone.ActiveCfg = Debug|x86
		{CB4F8C3D-FEF0-467D-87F2-1019CC3A62D4}.Debug|iPhone.Build.0 = Debug|x86
		{CB4F8C3D-FEF0-467D-87F2-1019CC3A62D4}.Debug|iPhone.Deploy.0 = Debug|x86
		{CB4F8C3D-FEF0-467D-87F2-1019CC3A62D4}.Debug|iPhoneSimulator.ActiveCfg = Debug|x86
		{CB4F8C3D-FEF0-467D-87F2-1019CC3A62D4}.Debug|iPhoneSimulator.Build.0 = Debug|x86
		{CB4F8C3D-FEF0-467D-87F2-1019CC3A62D4}.Debug|iPhoneSimulator.Deploy.0 = Debug|x86
		{CB4F8C3D-FEF0-467D-87F2-1019CC3A62D4}.Debug|x64.ActiveCfg = Debug|x64
		{CB4F8C3D-FEF0-467D-87F2-1019CC3A62D4}.Debug|x64.Build.0 = Debug|x64
		{CB4F8C3D-FEF0-467D-87F2-1019CC3A62D4}.Debug|x64.Deploy.0 = Debug|x64
		{CB4F8C3D-FEF0-467D-87F2-1019CC3A62D4}.Debug|x86.ActiveCfg = Debug|x86
		{CB4F8C3D-FEF0-467D-87F2-1019CC3A62D4}.Debug|x86.Build.0 = Debug|x86
		{CB4F8C3D-FEF0-467D-87F2-1019CC3A62D4}.Debug|x86.Deploy.0 = Debug|x86
		{CB4F8C3D-FEF0-467D-87F2-1019CC3A62D4}.Release|Any CPU.ActiveCfg = Release|x86
		{CB4F8C3D-FEF0-467D-87F2-1019CC3A62D4}.Release|Any CPU.Build.0 = Release|x86
		{CB4F8C3D-FEF0-467D-87F2-1019CC3A62D4}.Release|Any CPU.Deploy.0 = Release|x86
		{CB4F8C3D-FEF0-467D-87F2-1019CC3A62D4}.Release|ARM.ActiveCfg = Release|ARM
		{CB4F8C3D-FEF0-467D-87F2-1019CC3A62D4}.Release|ARM.Build.0 = Release|ARM
		{CB4F8C3D-FEF0-467D-87F2-1019CC3A62D4}.Release|ARM.Deploy.0 = Release|ARM
		{CB4F8C3D-FEF0-467D-87F2-1019CC3A62D4}.Release|iPhone.ActiveCfg = Release|x86
		{CB4F8C3D-FEF0-467D-87F2-1019CC3A62D4}.Release|iPhone.Build.0 = Release|x86
		{CB4F8C3D-FEF0-467D-87F2-1019CC3A62D4}.Release|iPhone.Deploy.0 = Release|x86
		{CB4F8C3D-FEF0-467D-87F2-1019CC3A62D4}.Release|iPhoneSimulator.ActiveCfg = Release|x86
		{CB4F8C3D-FEF0-467D-87F2-1019CC3A62D4}.Release|iPhoneSimulator.Build.0 = Release|x86
		{CB4F8C3D-FEF0-467D-87F2-1019CC3A62D4}.Release|iPhoneSimulator.Deploy.0 = Release|x86
		{CB4F8C3D-FEF0-467D-87F2-1019CC3A62D4}.Release|x64.ActiveCfg = Release|x64
		{CB4F8C3D-FEF0-467D-87F2-1019CC3A62D4}.Release|x64.Build.0 = Release|x64
		{CB4F8C3D-FEF0-467D-87F2-1019CC3A62D4}.Release|x64.Deploy.0 = Release|x64
		{CB4F8C3D-FEF0-467D-87F2-1019CC3A62D4}.Release|x86.ActiveCfg = Release|x86
		{CB4F8C3D-FEF0-467D-87F2-1019CC3A62D4}.Release|x86.Build.0 = Release|x86
		{CB4F8C3D-FEF0-467D-87F2-1019CC3A62D4}.Release|x86.Deploy.0 = Release|x86
		{E0D4EBC9-C015-4E1D-A668-AAC5E071257C}.Ad-Hoc|Any CPU.ActiveCfg = Debug|Any CPU
		{E0D4EBC9-C015-4E1D-A668-AAC5E071257C}.Ad-Hoc|Any CPU.Build.0 = Debug|Any CPU
		{E0D4EBC9-C015-4E1D-A668-AAC5E071257C}.Ad-Hoc|Any CPU.Deploy.0 = Debug|Any CPU
		{E0D4EBC9-C015-4E1D-A668-AAC5E071257C}.Ad-Hoc|ARM.ActiveCfg = Debug|Any CPU
		{E0D4EBC9-C015-4E1D-A668-AAC5E071257C}.Ad-Hoc|ARM.Build.0 = Debug|Any CPU
		{E0D4EBC9-C015-4E1D-A668-AAC5E071257C}.Ad-Hoc|ARM.Deploy.0 = Debug|Any CPU
		{E0D4EBC9-C015-4E1D-A668-AAC5E071257C}.Ad-Hoc|iPhone.ActiveCfg = Debug|Any CPU
		{E0D4EBC9-C015-4E1D-A668-AAC5E071257C}.Ad-Hoc|iPhone.Build.0 = Debug|Any CPU
		{E0D4EBC9-C015-4E1D-A668-AAC5E071257C}.Ad-Hoc|iPhone.Deploy.0 = Debug|Any CPU
		{E0D4EBC9-C015-4E1D-A668-AAC5E071257C}.Ad-Hoc|iPhoneSimulator.ActiveCfg = Debug|Any CPU
		{E0D4EBC9-C015-4E1D-A668-AAC5E071257C}.Ad-Hoc|iPhoneSimulator.Build.0 = Debug|Any CPU
		{E0D4EBC9-C015-4E1D-A668-AAC5E071257C}.Ad-Hoc|iPhoneSimulator.Deploy.0 = Debug|Any CPU
		{E0D4EBC9-C015-4E1D-A668-AAC5E071257C}.Ad-Hoc|x64.ActiveCfg = Debug|Any CPU
		{E0D4EBC9-C015-4E1D-A668-AAC5E071257C}.Ad-Hoc|x64.Build.0 = Debug|Any CPU
		{E0D4EBC9-C015-4E1D-A668-AAC5E071257C}.Ad-Hoc|x64.Deploy.0 = Debug|Any CPU
		{E0D4EBC9-C015-4E1D-A668-AAC5E071257C}.Ad-Hoc|x86.ActiveCfg = Debug|Any CPU
		{E0D4EBC9-C015-4E1D-A668-AAC5E071257C}.Ad-Hoc|x86.Build.0 = Debug|Any CPU
		{E0D4EBC9-C015-4E1D-A668-AAC5E071257C}.Ad-Hoc|x86.Deploy.0 = Debug|Any CPU
		{E0D4EBC9-C015-4E1D-A668-AAC5E071257C}.AppStore|Any CPU.ActiveCfg = Debug|Any CPU
		{E0D4EBC9-C015-4E1D-A668-AAC5E071257C}.AppStore|Any CPU.Build.0 = Debug|Any CPU
		{E0D4EBC9-C015-4E1D-A668-AAC5E071257C}.AppStore|Any CPU.Deploy.0 = Debug|Any CPU
		{E0D4EBC9-C015-4E1D-A668-AAC5E071257C}.AppStore|ARM.ActiveCfg = Debug|Any CPU
		{E0D4EBC9-C015-4E1D-A668-AAC5E071257C}.AppStore|ARM.Build.0 = Debug|Any CPU
		{E0D4EBC9-C015-4E1D-A668-AAC5E071257C}.AppStore|ARM.Deploy.0 = Debug|Any CPU
		{E0D4EBC9-C015-4E1D-A668-AAC5E071257C}.AppStore|iPhone.ActiveCfg = Debug|Any CPU
		{E0D4EBC9-C015-4E1D-A668-AAC5E071257C}.AppStore|iPhone.Build.0 = Debug|Any CPU
		{E0D4EBC9-C015-4E1D-A668-AAC5E071257C}.AppStore|iPhone.Deploy.0 = Debug|Any CPU
		{E0D4EBC9-C015-4E1D-A668-AAC5E071257C}.AppStore|iPhoneSimulator.ActiveCfg = Debug|Any CPU
		{E0D4EBC9-C015-4E1D-A668-AAC5E071257C}.AppStore|iPhoneSimulator.Build.0 = Debug|Any CPU
		{E0D4EBC9-C015-4E1D-A668-AAC5E071257C}.AppStore|iPhoneSimulator.Deploy.0 = Debug|Any CPU
		{E0D4EBC9-C015-4E1D-A668-AAC5E071257C}.AppStore|x64.ActiveCfg = Debug|Any CPU
		{E0D4EBC9-C015-4E1D-A668-AAC5E071257C}.AppStore|x64.Build.0 = Debug|Any CPU
		{E0D4EBC9-C015-4E1D-A668-AAC5E071257C}.AppStore|x64.Deploy.0 = Debug|Any CPU
		{E0D4EBC9-C015-4E1D-A668-AAC5E071257C}.AppStore|x86.ActiveCfg = Debug|Any CPU
		{E0D4EBC9-C015-4E1D-A668-AAC5E071257C}.AppStore|x86.Build.0 = Debug|Any CPU
		{E0D4EBC9-C015-4E1D-A668-AAC5E071257C}.AppStore|x86.Deploy.0 = Debug|Any CPU
		{E0D4EBC9-C015-4E1D-A668-AAC5E071257C}.Debug|Any CPU.ActiveCfg = Debug|Any CPU
		{E0D4EBC9-C015-4E1D-A668-AAC5E071257C}.Debug|Any CPU.Build.0 = Debug|Any CPU
		{E0D4EBC9-C015-4E1D-A668-AAC5E071257C}.Debug|Any CPU.Deploy.0 = Debug|Any CPU
		{E0D4EBC9-C015-4E1D-A668-AAC5E071257C}.Debug|ARM.ActiveCfg = Debug|Any CPU
		{E0D4EBC9-C015-4E1D-A668-AAC5E071257C}.Debug|ARM.Build.0 = Debug|Any CPU
		{E0D4EBC9-C015-4E1D-A668-AAC5E071257C}.Debug|ARM.Deploy.0 = Debug|Any CPU
		{E0D4EBC9-C015-4E1D-A668-AAC5E071257C}.Debug|iPhone.ActiveCfg = Debug|Any CPU
		{E0D4EBC9-C015-4E1D-A668-AAC5E071257C}.Debug|iPhone.Build.0 = Debug|Any CPU
		{E0D4EBC9-C015-4E1D-A668-AAC5E071257C}.Debug|iPhone.Deploy.0 = Debug|Any CPU
		{E0D4EBC9-C015-4E1D-A668-AAC5E071257C}.Debug|iPhoneSimulator.ActiveCfg = Debug|Any CPU
		{E0D4EBC9-C015-4E1D-A668-AAC5E071257C}.Debug|iPhoneSimulator.Build.0 = Debug|Any CPU
		{E0D4EBC9-C015-4E1D-A668-AAC5E071257C}.Debug|iPhoneSimulator.Deploy.0 = Debug|Any CPU
		{E0D4EBC9-C015-4E1D-A668-AAC5E071257C}.Debug|x64.ActiveCfg = Debug|Any CPU
		{E0D4EBC9-C015-4E1D-A668-AAC5E071257C}.Debug|x64.Build.0 = Debug|Any CPU
		{E0D4EBC9-C015-4E1D-A668-AAC5E071257C}.Debug|x64.Deploy.0 = Debug|Any CPU
		{E0D4EBC9-C015-4E1D-A668-AAC5E071257C}.Debug|x86.ActiveCfg = Debug|Any CPU
		{E0D4EBC9-C015-4E1D-A668-AAC5E071257C}.Debug|x86.Build.0 = Debug|Any CPU
		{E0D4EBC9-C015-4E1D-A668-AAC5E071257C}.Debug|x86.Deploy.0 = Debug|Any CPU
		{E0D4EBC9-C015-4E1D-A668-AAC5E071257C}.Release|Any CPU.ActiveCfg = Release|Any CPU
		{E0D4EBC9-C015-4E1D-A668-AAC5E071257C}.Release|Any CPU.Build.0 = Release|Any CPU
		{E0D4EBC9-C015-4E1D-A668-AAC5E071257C}.Release|Any CPU.Deploy.0 = Release|Any CPU
		{E0D4EBC9-C015-4E1D-A668-AAC5E071257C}.Release|ARM.ActiveCfg = Release|Any CPU
		{E0D4EBC9-C015-4E1D-A668-AAC5E071257C}.Release|ARM.Build.0 = Release|Any CPU
		{E0D4EBC9-C015-4E1D-A668-AAC5E071257C}.Release|ARM.Deploy.0 = Release|Any CPU
		{E0D4EBC9-C015-4E1D-A668-AAC5E071257C}.Release|iPhone.ActiveCfg = Release|Any CPU
		{E0D4EBC9-C015-4E1D-A668-AAC5E071257C}.Release|iPhone.Build.0 = Release|Any CPU
		{E0D4EBC9-C015-4E1D-A668-AAC5E071257C}.Release|iPhone.Deploy.0 = Release|Any CPU
		{E0D4EBC9-C015-4E1D-A668-AAC5E071257C}.Release|iPhoneSimulator.ActiveCfg = Release|Any CPU
		{E0D4EBC9-C015-4E1D-A668-AAC5E071257C}.Release|iPhoneSimulator.Build.0 = Release|Any CPU
		{E0D4EBC9-C015-4E1D-A668-AAC5E071257C}.Release|iPhoneSimulator.Deploy.0 = Release|Any CPU
		{E0D4EBC9-C015-4E1D-A668-AAC5E071257C}.Release|x64.ActiveCfg = Release|Any CPU
		{E0D4EBC9-C015-4E1D-A668-AAC5E071257C}.Release|x64.Build.0 = Release|Any CPU
		{E0D4EBC9-C015-4E1D-A668-AAC5E071257C}.Release|x64.Deploy.0 = Release|Any CPU
		{E0D4EBC9-C015-4E1D-A668-AAC5E071257C}.Release|x86.ActiveCfg = Release|Any CPU
		{E0D4EBC9-C015-4E1D-A668-AAC5E071257C}.Release|x86.Build.0 = Release|Any CPU
		{E0D4EBC9-C015-4E1D-A668-AAC5E071257C}.Release|x86.Deploy.0 = Release|Any CPU
	EndGlobalSection
	GlobalSection(SolutionProperties) = preSolution
		HideSolutionNode = FALSE
	EndGlobalSection
	GlobalSection(ExtensibilityGlobals) = postSolution
		SolutionGuid = {03DF43E7-100B-44FD-8261-A04AA31525FF}
	EndGlobalSection
EndGlobal
