
Microsoft Visual Studio Solution File, Format Version 12.00
# Visual Studio 15
VisualStudioVersion = 15.0.27703.2018
MinimumVisualStudioVersion = 10.0.40219.1
Project("{FAE04EC0-301F-11D3-BF4B-00C04F79EFBC}") = "App02_Xamarin.Android", "App02_Xamarin\App02_Xamarin.Android\App02_Xamarin.Android.csproj", "{83D3983F-A52B-4AF1-9207-CA6FCAA71C9D}"
EndProject
Project("{FAE04EC0-301F-11D3-BF4B-00C04F79EFBC}") = "App02_Xamarin.iOS", "App02_Xamarin\App02_Xamarin.iOS\App02_Xamarin.iOS.csproj", "{BBBEE660-D8C0-45B6-A304-4438947C0786}"
EndProject
Project("{FAE04EC0-301F-11D3-BF4B-00C04F79EFBC}") = "App02_Xamarin.UWP", "App02_Xamarin\App02_Xamarin.UWP\App02_Xamarin.UWP.csproj", "{01348EB0-42A0-42D4-AE6E-8395E21828A6}"
EndProject
Project("{FAE04EC0-301F-11D3-BF4B-00C04F79EFBC}") = "App02_Xamarin", "App02_Xamarin\App02_Xamarin\App02_Xamarin.csproj", "{CEA854A0-37E0-4AEF-AB4B-8E43C6FACEB4}"
EndProject
Global
	GlobalSection(SolutionConfigurationPlatforms) = preSolution
		Ad-Hoc|Any CPU = Ad-Hoc|Any CPU
		Ad-Hoc|ARM = Ad-Hoc|ARM
		Ad-Hoc|iPhone = Ad-Hoc|iPhone
		Ad-Hoc|iPhoneSimulator = Ad-Hoc|iPhoneSimulator
		Ad-Hoc|x64 = Ad-Hoc|x64
		Ad-Hoc|x86 = Ad-Hoc|x86
		AppStore|Any CPU = AppStore|Any CPU
		AppStore|ARM = AppStore|ARM
		AppStore|iPhone = AppStore|iPhone
		AppStore|iPhoneSimulator = AppStore|iPhoneSimulator
		AppStore|x64 = AppStore|x64
		AppStore|x86 = AppStore|x86
		Debug|Any CPU = Debug|Any CPU
		Debug|ARM = Debug|ARM
		Debug|iPhone = Debug|iPhone
		Debug|iPhoneSimulator = Debug|iPhoneSimulator
		Debug|x64 = Debug|x64
		Debug|x86 = Debug|x86
		Release|Any CPU = Release|Any CPU
		Release|ARM = Release|ARM
		Release|iPhone = Release|iPhone
		Release|iPhoneSimulator = Release|iPhoneSimulator
		Release|x64 = Release|x64
		Release|x86 = Release|x86
	EndGlobalSection
	GlobalSection(ProjectConfigurationPlatforms) = postSolution
		{83D3983F-A52B-4AF1-9207-CA6FCAA71C9D}.Ad-Hoc|Any CPU.ActiveCfg = Release|Any CPU
		{83D3983F-A52B-4AF1-9207-CA6FCAA71C9D}.Ad-Hoc|Any CPU.Build.0 = Release|Any CPU
		{83D3983F-A52B-4AF1-9207-CA6FCAA71C9D}.Ad-Hoc|Any CPU.Deploy.0 = Release|Any CPU
		{83D3983F-A52B-4AF1-9207-CA6FCAA71C9D}.Ad-Hoc|ARM.ActiveCfg = Release|Any CPU
		{83D3983F-A52B-4AF1-9207-CA6FCAA71C9D}.Ad-Hoc|ARM.Build.0 = Release|Any CPU
		{83D3983F-A52B-4AF1-9207-CA6FCAA71C9D}.Ad-Hoc|ARM.Deploy.0 = Release|Any CPU
		{83D3983F-A52B-4AF1-9207-CA6FCAA71C9D}.Ad-Hoc|iPhone.ActiveCfg = Release|Any CPU
		{83D3983F-A52B-4AF1-9207-CA6FCAA71C9D}.Ad-Hoc|iPhone.Build.0 = Release|Any CPU
		{83D3983F-A52B-4AF1-9207-CA6FCAA71C9D}.Ad-Hoc|iPhone.Deploy.0 = Release|Any CPU
		{83D3983F-A52B-4AF1-9207-CA6FCAA71C9D}.Ad-Hoc|iPhoneSimulator.ActiveCfg = Release|Any CPU
		{83D3983F-A52B-4AF1-9207-CA6FCAA71C9D}.Ad-Hoc|iPhoneSimulator.Build.0 = Release|Any CPU
		{83D3983F-A52B-4AF1-9207-CA6FCAA71C9D}.Ad-Hoc|iPhoneSimulator.Deploy.0 = Release|Any CPU
		{83D3983F-A52B-4AF1-9207-CA6FCAA71C9D}.Ad-Hoc|x64.ActiveCfg = Release|Any CPU
		{83D3983F-A52B-4AF1-9207-CA6FCAA71C9D}.Ad-Hoc|x64.Build.0 = Release|Any CPU
		{83D3983F-A52B-4AF1-9207-CA6FCAA71C9D}.Ad-Hoc|x64.Deploy.0 = Release|Any CPU
		{83D3983F-A52B-4AF1-9207-CA6FCAA71C9D}.Ad-Hoc|x86.ActiveCfg = Release|Any CPU
		{83D3983F-A52B-4AF1-9207-CA6FCAA71C9D}.Ad-Hoc|x86.Build.0 = Release|Any CPU
		{83D3983F-A52B-4AF1-9207-CA6FCAA71C9D}.Ad-Hoc|x86.Deploy.0 = Release|Any CPU
		{83D3983F-A52B-4AF1-9207-CA6FCAA71C9D}.AppStore|Any CPU.ActiveCfg = Release|Any CPU
		{83D3983F-A52B-4AF1-9207-CA6FCAA71C9D}.AppStore|Any CPU.Build.0 = Release|Any CPU
		{83D3983F-A52B-4AF1-9207-CA6FCAA71C9D}.AppStore|Any CPU.Deploy.0 = Release|Any CPU
		{83D3983F-A52B-4AF1-9207-CA6FCAA71C9D}.AppStore|ARM.ActiveCfg = Release|Any CPU
		{83D3983F-A52B-4AF1-9207-CA6FCAA71C9D}.AppStore|ARM.Build.0 = Release|Any CPU
		{83D3983F-A52B-4AF1-9207-CA6FCAA71C9D}.AppStore|ARM.Deploy.0 = Release|Any CPU
		{83D3983F-A52B-4AF1-9207-CA6FCAA71C9D}.AppStore|iPhone.ActiveCfg = Release|Any CPU
		{83D3983F-A52B-4AF1-9207-CA6FCAA71C9D}.AppStore|iPhone.Build.0 = Release|Any CPU
		{83D3983F-A52B-4AF1-9207-CA6FCAA71C9D}.AppStore|iPhone.Deploy.0 = Release|Any CPU
		{83D3983F-A52B-4AF1-9207-CA6FCAA71C9D}.AppStore|iPhoneSimulator.ActiveCfg = Release|Any CPU
		{83D3983F-A52B-4AF1-9207-CA6FCAA71C9D}.AppStore|iPhoneSimulator.Build.0 = Release|Any CPU
		{83D3983F-A52B-4AF1-9207-CA6FCAA71C9D}.AppStore|iPhoneSimulator.Deploy.0 = Release|Any CPU
		{83D3983F-A52B-4AF1-9207-CA6FCAA71C9D}.AppStore|x64.ActiveCfg = Release|Any CPU
		{83D3983F-A52B-4AF1-9207-CA6FCAA71C9D}.AppStore|x64.Build.0 = Release|Any CPU
		{83D3983F-A52B-4AF1-9207-CA6FCAA71C9D}.AppStore|x64.Deploy.0 = Release|Any CPU
		{83D3983F-A52B-4AF1-9207-CA6FCAA71C9D}.AppStore|x86.ActiveCfg = Release|Any CPU
		{83D3983F-A52B-4AF1-9207-CA6FCAA71C9D}.AppStore|x86.Build.0 = Release|Any CPU
		{83D3983F-A52B-4AF1-9207-CA6FCAA71C9D}.AppStore|x86.Deploy.0 = Release|Any CPU
		{83D3983F-A52B-4AF1-9207-CA6FCAA71C9D}.Debug|Any CPU.ActiveCfg = Debug|Any CPU
		{83D3983F-A52B-4AF1-9207-CA6FCAA71C9D}.Debug|Any CPU.Build.0 = Debug|Any CPU
		{83D3983F-A52B-4AF1-9207-CA6FCAA71C9D}.Debug|Any CPU.Deploy.0 = Debug|Any CPU
		{83D3983F-A52B-4AF1-9207-CA6FCAA71C9D}.Debug|ARM.ActiveCfg = Debug|Any CPU
		{83D3983F-A52B-4AF1-9207-CA6FCAA71C9D}.Debug|ARM.Build.0 = Debug|Any CPU
		{83D3983F-A52B-4AF1-9207-CA6FCAA71C9D}.Debug|ARM.Deploy.0 = Debug|Any CPU
		{83D3983F-A52B-4AF1-9207-CA6FCAA71C9D}.Debug|iPhone.ActiveCfg = Debug|Any CPU
		{83D3983F-A52B-4AF1-9207-CA6FCAA71C9D}.Debug|iPhone.Build.0 = Debug|Any CPU
		{83D3983F-A52B-4AF1-9207-CA6FCAA71C9D}.Debug|iPhone.Deploy.0 = Debug|Any CPU
		{83D3983F-A52B-4AF1-9207-CA6FCAA71C9D}.Debug|iPhoneSimulator.ActiveCfg = Debug|Any CPU
		{83D3983F-A52B-4AF1-9207-CA6FCAA71C9D}.Debug|iPhoneSimulator.Build.0 = Debug|Any CPU
		{83D3983F-A52B-4AF1-9207-CA6FCAA71C9D}.Debug|iPhoneSimulator.Deploy.0 = Debug|Any CPU
		{83D3983F-A52B-4AF1-9207-CA6FCAA71C9D}.Debug|x64.ActiveCfg = Debug|Any CPU
		{83D3983F-A52B-4AF1-9207-CA6FCAA71C9D}.Debug|x64.Build.0 = Debug|Any CPU
		{83D3983F-A52B-4AF1-9207-CA6FCAA71C9D}.Debug|x64.Deploy.0 = Debug|Any CPU
		{83D3983F-A52B-4AF1-9207-CA6FCAA71C9D}.Debug|x86.ActiveCfg = Debug|Any CPU
		{83D3983F-A52B-4AF1-9207-CA6FCAA71C9D}.Debug|x86.Build.0 = Debug|Any CPU
		{83D3983F-A52B-4AF1-9207-CA6FCAA71C9D}.Debug|x86.Deploy.0 = Debug|Any CPU
		{83D3983F-A52B-4AF1-9207-CA6FCAA71C9D}.Release|Any CPU.ActiveCfg = Release|Any CPU
		{83D3983F-A52B-4AF1-9207-CA6FCAA71C9D}.Release|Any CPU.Build.0 = Release|Any CPU
		{83D3983F-A52B-4AF1-9207-CA6FCAA71C9D}.Release|Any CPU.Deploy.0 = Release|Any CPU
		{83D3983F-A52B-4AF1-9207-CA6FCAA71C9D}.Release|ARM.ActiveCfg = Release|Any CPU
		{83D3983F-A52B-4AF1-9207-CA6FCAA71C9D}.Release|ARM.Build.0 = Release|Any CPU
		{83D3983F-A52B-4AF1-9207-CA6FCAA71C9D}.Release|ARM.Deploy.0 = Release|Any CPU
		{83D3983F-A52B-4AF1-9207-CA6FCAA71C9D}.Release|iPhone.ActiveCfg = Release|Any CPU
		{83D3983F-A52B-4AF1-9207-CA6FCAA71C9D}.Release|iPhone.Build.0 = Release|Any CPU
		{83D3983F-A52B-4AF1-9207-CA6FCAA71C9D}.Release|iPhone.Deploy.0 = Release|Any CPU
		{83D3983F-A52B-4AF1-9207-CA6FCAA71C9D}.Release|iPhoneSimulator.ActiveCfg = Release|Any CPU
		{83D3983F-A52B-4AF1-9207-CA6FCAA71C9D}.Release|iPhoneSimulator.Build.0 = Release|Any CPU
		{83D3983F-A52B-4AF1-9207-CA6FCAA71C9D}.Release|iPhoneSimulator.Deploy.0 = Release|Any CPU
		{83D3983F-A52B-4AF1-9207-CA6FCAA71C9D}.Release|x64.ActiveCfg = Release|Any CPU
		{83D3983F-A52B-4AF1-9207-CA6FCAA71C9D}.Release|x64.Build.0 = Release|Any CPU
		{83D3983F-A52B-4AF1-9207-CA6FCAA71C9D}.Release|x64.Deploy.0 = Release|Any CPU
		{83D3983F-A52B-4AF1-9207-CA6FCAA71C9D}.Release|x86.ActiveCfg = Release|Any CPU
		{83D3983F-A52B-4AF1-9207-CA6FCAA71C9D}.Release|x86.Build.0 = Release|Any CPU
		{83D3983F-A52B-4AF1-9207-CA6FCAA71C9D}.Release|x86.Deploy.0 = Release|Any CPU
		{BBBEE660-D8C0-45B6-A304-4438947C0786}.Ad-Hoc|Any CPU.ActiveCfg = Ad-Hoc|iPhone
		{BBBEE660-D8C0-45B6-A304-4438947C0786}.Ad-Hoc|Any CPU.Build.0 = Ad-Hoc|iPhone
		{BBBEE660-D8C0-45B6-A304-4438947C0786}.Ad-Hoc|Any CPU.Deploy.0 = Ad-Hoc|iPhone
		{BBBEE660-D8C0-45B6-A304-4438947C0786}.Ad-Hoc|ARM.ActiveCfg = Ad-Hoc|iPhone
		{BBBEE660-D8C0-45B6-A304-4438947C0786}.Ad-Hoc|ARM.Build.0 = Ad-Hoc|iPhone
		{BBBEE660-D8C0-45B6-A304-4438947C0786}.Ad-Hoc|ARM.Deploy.0 = Ad-Hoc|iPhone
		{BBBEE660-D8C0-45B6-A304-4438947C0786}.Ad-Hoc|iPhone.ActiveCfg = Ad-Hoc|iPhone
		{BBBEE660-D8C0-45B6-A304-4438947C0786}.Ad-Hoc|iPhone.Build.0 = Ad-Hoc|iPhone
		{BBBEE660-D8C0-45B6-A304-4438947C0786}.Ad-Hoc|iPhone.Deploy.0 = Ad-Hoc|iPhone
		{BBBEE660-D8C0-45B6-A304-4438947C0786}.Ad-Hoc|iPhoneSimulator.ActiveCfg = Ad-Hoc|iPhoneSimulator
		{BBBEE660-D8C0-45B6-A304-4438947C0786}.Ad-Hoc|iPhoneSimulator.Build.0 = Ad-Hoc|iPhoneSimulator
		{BBBEE660-D8C0-45B6-A304-4438947C0786}.Ad-Hoc|iPhoneSimulator.Deploy.0 = Ad-Hoc|iPhoneSimulator
		{BBBEE660-D8C0-45B6-A304-4438947C0786}.Ad-Hoc|x64.ActiveCfg = Ad-Hoc|iPhone
		{BBBEE660-D8C0-45B6-A304-4438947C0786}.Ad-Hoc|x64.Build.0 = Ad-Hoc|iPhone
		{BBBEE660-D8C0-45B6-A304-4438947C0786}.Ad-Hoc|x64.Deploy.0 = Ad-Hoc|iPhone
		{BBBEE660-D8C0-45B6-A304-4438947C0786}.Ad-Hoc|x86.ActiveCfg = Ad-Hoc|iPhone
		{BBBEE660-D8C0-45B6-A304-4438947C0786}.Ad-Hoc|x86.Build.0 = Ad-Hoc|iPhone
		{BBBEE660-D8C0-45B6-A304-4438947C0786}.Ad-Hoc|x86.Deploy.0 = Ad-Hoc|iPhone
		{BBBEE660-D8C0-45B6-A304-4438947C0786}.AppStore|Any CPU.ActiveCfg = AppStore|iPhone
		{BBBEE660-D8C0-45B6-A304-4438947C0786}.AppStore|Any CPU.Build.0 = AppStore|iPhone
		{BBBEE660-D8C0-45B6-A304-4438947C0786}.AppStore|Any CPU.Deploy.0 = AppStore|iPhone
		{BBBEE660-D8C0-45B6-A304-4438947C0786}.AppStore|ARM.ActiveCfg = AppStore|iPhone
		{BBBEE660-D8C0-45B6-A304-4438947C0786}.AppStore|ARM.Build.0 = AppStore|iPhone
		{BBBEE660-D8C0-45B6-A304-4438947C0786}.AppStore|ARM.Deploy.0 = AppStore|iPhone
		{BBBEE660-D8C0-45B6-A304-4438947C0786}.AppStore|iPhone.ActiveCfg = AppStore|iPhone
		{BBBEE660-D8C0-45B6-A304-4438947C0786}.AppStore|iPhone.Build.0 = AppStore|iPhone
		{BBBEE660-D8C0-45B6-A304-4438947C0786}.AppStore|iPhone.Deploy.0 = AppStore|iPhone
		{BBBEE660-D8C0-45B6-A304-4438947C0786}.AppStore|iPhoneSimulator.ActiveCfg = AppStore|iPhoneSimulator
		{BBBEE660-D8C0-45B6-A304-4438947C0786}.AppStore|iPhoneSimulator.Build.0 = AppStore|iPhoneSimulator
		{BBBEE660-D8C0-45B6-A304-4438947C0786}.AppStore|iPhoneSimulator.Deploy.0 = AppStore|iPhoneSimulator
		{BBBEE660-D8C0-45B6-A304-4438947C0786}.AppStore|x64.ActiveCfg = AppStore|iPhone
		{BBBEE660-D8C0-45B6-A304-4438947C0786}.AppStore|x64.Build.0 = AppStore|iPhone
		{BBBEE660-D8C0-45B6-A304-4438947C0786}.AppStore|x64.Deploy.0 = AppStore|iPhone
		{BBBEE660-D8C0-45B6-A304-4438947C0786}.AppStore|x86.ActiveCfg = AppStore|iPhone
		{BBBEE660-D8C0-45B6-A304-4438947C0786}.AppStore|x86.Build.0 = AppStore|iPhone
		{BBBEE660-D8C0-45B6-A304-4438947C0786}.AppStore|x86.Deploy.0 = AppStore|iPhone
		{BBBEE660-D8C0-45B6-A304-4438947C0786}.Debug|Any CPU.ActiveCfg = Debug|iPhoneSimulator
		{BBBEE660-D8C0-45B6-A304-4438947C0786}.Debug|Any CPU.Build.0 = Debug|iPhoneSimulator
		{BBBEE660-D8C0-45B6-A304-4438947C0786}.Debug|Any CPU.Deploy.0 = Debug|iPhoneSimulator
		{BBBEE660-D8C0-45B6-A304-4438947C0786}.Debug|ARM.ActiveCfg = Debug|iPhone
		{BBBEE660-D8C0-45B6-A304-4438947C0786}.Debug|ARM.Build.0 = Debug|iPhone
		{BBBEE660-D8C0-45B6-A304-4438947C0786}.Debug|ARM.Deploy.0 = Debug|iPhone
		{BBBEE660-D8C0-45B6-A304-4438947C0786}.Debug|iPhone.ActiveCfg = Debug|iPhone
		{BBBEE660-D8C0-45B6-A304-4438947C0786}.Debug|iPhone.Build.0 = Debug|iPhone
		{BBBEE660-D8C0-45B6-A304-4438947C0786}.Debug|iPhone.Deploy.0 = Debug|iPhone
		{BBBEE660-D8C0-45B6-A304-4438947C0786}.Debug|iPhoneSimulator.ActiveCfg = Debug|iPhoneSimulator
		{BBBEE660-D8C0-45B6-A304-4438947C0786}.Debug|iPhoneSimulator.Build.0 = Debug|iPhoneSimulator
		{BBBEE660-D8C0-45B6-A304-4438947C0786}.Debug|iPhoneSimulator.Deploy.0 = Debug|iPhoneSimulator
		{BBBEE660-D8C0-45B6-A304-4438947C0786}.Debug|x64.ActiveCfg = Debug|iPhone
		{BBBEE660-D8C0-45B6-A304-4438947C0786}.Debug|x64.Build.0 = Debug|iPhone
		{BBBEE660-D8C0-45B6-A304-4438947C0786}.Debug|x64.Deploy.0 = Debug|iPhone
		{BBBEE660-D8C0-45B6-A304-4438947C0786}.Debug|x86.ActiveCfg = Debug|iPhone
		{BBBEE660-D8C0-45B6-A304-4438947C0786}.Debug|x86.Build.0 = Debug|iPhone
		{BBBEE660-D8C0-45B6-A304-4438947C0786}.Debug|x86.Deploy.0 = Debug|iPhone
		{BBBEE660-D8C0-45B6-A304-4438947C0786}.Release|Any CPU.ActiveCfg = Release|iPhone
		{BBBEE660-D8C0-45B6-A304-4438947C0786}.Release|Any CPU.Build.0 = Release|iPhone
		{BBBEE660-D8C0-45B6-A304-4438947C0786}.Release|Any CPU.Deploy.0 = Release|iPhone
		{BBBEE660-D8C0-45B6-A304-4438947C0786}.Release|ARM.ActiveCfg = Release|iPhone
		{BBBEE660-D8C0-45B6-A304-4438947C0786}.Release|ARM.Build.0 = Release|iPhone
		{BBBEE660-D8C0-45B6-A304-4438947C0786}.Release|ARM.Deploy.0 = Release|iPhone
		{BBBEE660-D8C0-45B6-A304-4438947C0786}.Release|iPhone.ActiveCfg = Release|iPhone
		{BBBEE660-D8C0-45B6-A304-4438947C0786}.Release|iPhone.Build.0 = Release|iPhone
		{BBBEE660-D8C0-45B6-A304-4438947C0786}.Release|iPhone.Deploy.0 = Release|iPhone
		{BBBEE660-D8C0-45B6-A304-4438947C0786}.Release|iPhoneSimulator.ActiveCfg = Release|iPhoneSimulator
		{BBBEE660-D8C0-45B6-A304-4438947C0786}.Release|iPhoneSimulator.Build.0 = Release|iPhoneSimulator
		{BBBEE660-D8C0-45B6-A304-4438947C0786}.Release|iPhoneSimulator.Deploy.0 = Release|iPhoneSimulator
		{BBBEE660-D8C0-45B6-A304-4438947C0786}.Release|x64.ActiveCfg = Release|iPhone
		{BBBEE660-D8C0-45B6-A304-4438947C0786}.Release|x64.Build.0 = Release|iPhone
		{BBBEE660-D8C0-45B6-A304-4438947C0786}.Release|x64.Deploy.0 = Release|iPhone
		{BBBEE660-D8C0-45B6-A304-4438947C0786}.Release|x86.ActiveCfg = Release|iPhone
		{BBBEE660-D8C0-45B6-A304-4438947C0786}.Release|x86.Build.0 = Release|iPhone
		{BBBEE660-D8C0-45B6-A304-4438947C0786}.Release|x86.Deploy.0 = Release|iPhone
		{01348EB0-42A0-42D4-AE6E-8395E21828A6}.Ad-Hoc|Any CPU.ActiveCfg = Release|x86
		{01348EB0-42A0-42D4-AE6E-8395E21828A6}.Ad-Hoc|Any CPU.Build.0 = Release|x86
		{01348EB0-42A0-42D4-AE6E-8395E21828A6}.Ad-Hoc|Any CPU.Deploy.0 = Release|x86
		{01348EB0-42A0-42D4-AE6E-8395E21828A6}.Ad-Hoc|ARM.ActiveCfg = Release|ARM
		{01348EB0-42A0-42D4-AE6E-8395E21828A6}.Ad-Hoc|ARM.Build.0 = Release|ARM
		{01348EB0-42A0-42D4-AE6E-8395E21828A6}.Ad-Hoc|ARM.Deploy.0 = Release|ARM
		{01348EB0-42A0-42D4-AE6E-8395E21828A6}.Ad-Hoc|iPhone.ActiveCfg = Release|x86
		{01348EB0-42A0-42D4-AE6E-8395E21828A6}.Ad-Hoc|iPhone.Build.0 = Release|x86
		{01348EB0-42A0-42D4-AE6E-8395E21828A6}.Ad-Hoc|iPhone.Deploy.0 = Release|x86
		{01348EB0-42A0-42D4-AE6E-8395E21828A6}.Ad-Hoc|iPhoneSimulator.ActiveCfg = Release|x86
		{01348EB0-42A0-42D4-AE6E-8395E21828A6}.Ad-Hoc|iPhoneSimulator.Build.0 = Release|x86
		{01348EB0-42A0-42D4-AE6E-8395E21828A6}.Ad-Hoc|iPhoneSimulator.Deploy.0 = Release|x86
		{01348EB0-42A0-42D4-AE6E-8395E21828A6}.Ad-Hoc|x64.ActiveCfg = Release|x64
		{01348EB0-42A0-42D4-AE6E-8395E21828A6}.Ad-Hoc|x64.Build.0 = Release|x64
		{01348EB0-42A0-42D4-AE6E-8395E21828A6}.Ad-Hoc|x64.Deploy.0 = Release|x64
		{01348EB0-42A0-42D4-AE6E-8395E21828A6}.Ad-Hoc|x86.ActiveCfg = Release|x86
		{01348EB0-42A0-42D4-AE6E-8395E21828A6}.Ad-Hoc|x86.Build.0 = Release|x86
		{01348EB0-42A0-42D4-AE6E-8395E21828A6}.Ad-Hoc|x86.Deploy.0 = Release|x86
		{01348EB0-42A0-42D4-AE6E-8395E21828A6}.AppStore|Any CPU.ActiveCfg = Release|x86
		{01348EB0-42A0-42D4-AE6E-8395E21828A6}.AppStore|Any CPU.Build.0 = Release|x86
		{01348EB0-42A0-42D4-AE6E-8395E21828A6}.AppStore|Any CPU.Deploy.0 = Release|x86
		{01348EB0-42A0-42D4-AE6E-8395E21828A6}.AppStore|ARM.ActiveCfg = Release|ARM
		{01348EB0-42A0-42D4-AE6E-8395E21828A6}.AppStore|ARM.Build.0 = Release|ARM
		{01348EB0-42A0-42D4-AE6E-8395E21828A6}.AppStore|ARM.Deploy.0 = Release|ARM
		{01348EB0-42A0-42D4-AE6E-8395E21828A6}.AppStore|iPhone.ActiveCfg = Release|x86
		{01348EB0-42A0-42D4-AE6E-8395E21828A6}.AppStore|iPhone.Build.0 = Release|x86
		{01348EB0-42A0-42D4-AE6E-8395E21828A6}.AppStore|iPhone.Deploy.0 = Release|x86
		{01348EB0-42A0-42D4-AE6E-8395E21828A6}.AppStore|iPhoneSimulator.ActiveCfg = Release|x86
		{01348EB0-42A0-42D4-AE6E-8395E21828A6}.AppStore|iPhoneSimulator.Build.0 = Release|x86
		{01348EB0-42A0-42D4-AE6E-8395E21828A6}.AppStore|iPhoneSimulator.Deploy.0 = Release|x86
		{01348EB0-42A0-42D4-AE6E-8395E21828A6}.AppStore|x64.ActiveCfg = Release|x64
		{01348EB0-42A0-42D4-AE6E-8395E21828A6}.AppStore|x64.Build.0 = Release|x64
		{01348EB0-42A0-42D4-AE6E-8395E21828A6}.AppStore|x64.Deploy.0 = Release|x64
		{01348EB0-42A0-42D4-AE6E-8395E21828A6}.AppStore|x86.ActiveCfg = Release|x86
		{01348EB0-42A0-42D4-AE6E-8395E21828A6}.AppStore|x86.Build.0 = Release|x86
		{01348EB0-42A0-42D4-AE6E-8395E21828A6}.AppStore|x86.Deploy.0 = Release|x86
		{01348EB0-42A0-42D4-AE6E-8395E21828A6}.Debug|Any CPU.ActiveCfg = Debug|x86
		{01348EB0-42A0-42D4-AE6E-8395E21828A6}.Debug|Any CPU.Build.0 = Debug|x86
		{01348EB0-42A0-42D4-AE6E-8395E21828A6}.Debug|Any CPU.Deploy.0 = Debug|x86
		{01348EB0-42A0-42D4-AE6E-8395E21828A6}.Debug|ARM.ActiveCfg = Debug|ARM
		{01348EB0-42A0-42D4-AE6E-8395E21828A6}.Debug|ARM.Build.0 = Debug|ARM
		{01348EB0-42A0-42D4-AE6E-8395E21828A6}.Debug|ARM.Deploy.0 = Debug|ARM
		{01348EB0-42A0-42D4-AE6E-8395E21828A6}.Debug|iPhone.ActiveCfg = Debug|x86
		{01348EB0-42A0-42D4-AE6E-8395E21828A6}.Debug|iPhone.Build.0 = Debug|x86
		{01348EB0-42A0-42D4-AE6E-8395E21828A6}.Debug|iPhone.Deploy.0 = Debug|x86
		{01348EB0-42A0-42D4-AE6E-8395E21828A6}.Debug|iPhoneSimulator.ActiveCfg = Debug|x86
		{01348EB0-42A0-42D4-AE6E-8395E21828A6}.Debug|iPhoneSimulator.Build.0 = Debug|x86
		{01348EB0-42A0-42D4-AE6E-8395E21828A6}.Debug|iPhoneSimulator.Deploy.0 = Debug|x86
		{01348EB0-42A0-42D4-AE6E-8395E21828A6}.Debug|x64.ActiveCfg = Debug|x64
		{01348EB0-42A0-42D4-AE6E-8395E21828A6}.Debug|x64.Build.0 = Debug|x64
		{01348EB0-42A0-42D4-AE6E-8395E21828A6}.Debug|x64.Deploy.0 = Debug|x64
		{01348EB0-42A0-42D4-AE6E-8395E21828A6}.Debug|x86.ActiveCfg = Debug|x86
		{01348EB0-42A0-42D4-AE6E-8395E21828A6}.Debug|x86.Build.0 = Debug|x86
		{01348EB0-42A0-42D4-AE6E-8395E21828A6}.Debug|x86.Deploy.0 = Debug|x86
		{01348EB0-42A0-42D4-AE6E-8395E21828A6}.Release|Any CPU.ActiveCfg = Release|x86
		{01348EB0-42A0-42D4-AE6E-8395E21828A6}.Release|Any CPU.Build.0 = Release|x86
		{01348EB0-42A0-42D4-AE6E-8395E21828A6}.Release|Any CPU.Deploy.0 = Release|x86
		{01348EB0-42A0-42D4-AE6E-8395E21828A6}.Release|ARM.ActiveCfg = Release|ARM
		{01348EB0-42A0-42D4-AE6E-8395E21828A6}.Release|ARM.Build.0 = Release|ARM
		{01348EB0-42A0-42D4-AE6E-8395E21828A6}.Release|ARM.Deploy.0 = Release|ARM
		{01348EB0-42A0-42D4-AE6E-8395E21828A6}.Release|iPhone.ActiveCfg = Release|x86
		{01348EB0-42A0-42D4-AE6E-8395E21828A6}.Release|iPhone.Build.0 = Release|x86
		{01348EB0-42A0-42D4-AE6E-8395E21828A6}.Release|iPhone.Deploy.0 = Release|x86
		{01348EB0-42A0-42D4-AE6E-8395E21828A6}.Release|iPhoneSimulator.ActiveCfg = Release|x86
		{01348EB0-42A0-42D4-AE6E-8395E21828A6}.Release|iPhoneSimulator.Build.0 = Release|x86
		{01348EB0-42A0-42D4-AE6E-8395E21828A6}.Release|iPhoneSimulator.Deploy.0 = Release|x86
		{01348EB0-42A0-42D4-AE6E-8395E21828A6}.Release|x64.ActiveCfg = Release|x64
		{01348EB0-42A0-42D4-AE6E-8395E21828A6}.Release|x64.Build.0 = Release|x64
		{01348EB0-42A0-42D4-AE6E-8395E21828A6}.Release|x64.Deploy.0 = Release|x64
		{01348EB0-42A0-42D4-AE6E-8395E21828A6}.Release|x86.ActiveCfg = Release|x86
		{01348EB0-42A0-42D4-AE6E-8395E21828A6}.Release|x86.Build.0 = Release|x86
		{01348EB0-42A0-42D4-AE6E-8395E21828A6}.Release|x86.Deploy.0 = Release|x86
		{CEA854A0-37E0-4AEF-AB4B-8E43C6FACEB4}.Ad-Hoc|Any CPU.ActiveCfg = Debug|Any CPU
		{CEA854A0-37E0-4AEF-AB4B-8E43C6FACEB4}.Ad-Hoc|Any CPU.Build.0 = Debug|Any CPU
		{CEA854A0-37E0-4AEF-AB4B-8E43C6FACEB4}.Ad-Hoc|Any CPU.Deploy.0 = Debug|Any CPU
		{CEA854A0-37E0-4AEF-AB4B-8E43C6FACEB4}.Ad-Hoc|ARM.ActiveCfg = Debug|Any CPU
		{CEA854A0-37E0-4AEF-AB4B-8E43C6FACEB4}.Ad-Hoc|ARM.Build.0 = Debug|Any CPU
		{CEA854A0-37E0-4AEF-AB4B-8E43C6FACEB4}.Ad-Hoc|ARM.Deploy.0 = Debug|Any CPU
		{CEA854A0-37E0-4AEF-AB4B-8E43C6FACEB4}.Ad-Hoc|iPhone.ActiveCfg = Debug|Any CPU
		{CEA854A0-37E0-4AEF-AB4B-8E43C6FACEB4}.Ad-Hoc|iPhone.Build.0 = Debug|Any CPU
		{CEA854A0-37E0-4AEF-AB4B-8E43C6FACEB4}.Ad-Hoc|iPhone.Deploy.0 = Debug|Any CPU
		{CEA854A0-37E0-4AEF-AB4B-8E43C6FACEB4}.Ad-Hoc|iPhoneSimulator.ActiveCfg = Debug|Any CPU
		{CEA854A0-37E0-4AEF-AB4B-8E43C6FACEB4}.Ad-Hoc|iPhoneSimulator.Build.0 = Debug|Any CPU
		{CEA854A0-37E0-4AEF-AB4B-8E43C6FACEB4}.Ad-Hoc|iPhoneSimulator.Deploy.0 = Debug|Any CPU
		{CEA854A0-37E0-4AEF-AB4B-8E43C6FACEB4}.Ad-Hoc|x64.ActiveCfg = Debug|Any CPU
		{CEA854A0-37E0-4AEF-AB4B-8E43C6FACEB4}.Ad-Hoc|x64.Build.0 = Debug|Any CPU
		{CEA854A0-37E0-4AEF-AB4B-8E43C6FACEB4}.Ad-Hoc|x64.Deploy.0 = Debug|Any CPU
		{CEA854A0-37E0-4AEF-AB4B-8E43C6FACEB4}.Ad-Hoc|x86.ActiveCfg = Debug|Any CPU
		{CEA854A0-37E0-4AEF-AB4B-8E43C6FACEB4}.Ad-Hoc|x86.Build.0 = Debug|Any CPU
		{CEA854A0-37E0-4AEF-AB4B-8E43C6FACEB4}.Ad-Hoc|x86.Deploy.0 = Debug|Any CPU
		{CEA854A0-37E0-4AEF-AB4B-8E43C6FACEB4}.AppStore|Any CPU.ActiveCfg = Debug|Any CPU
		{CEA854A0-37E0-4AEF-AB4B-8E43C6FACEB4}.AppStore|Any CPU.Build.0 = Debug|Any CPU
		{CEA854A0-37E0-4AEF-AB4B-8E43C6FACEB4}.AppStore|Any CPU.Deploy.0 = Debug|Any CPU
		{CEA854A0-37E0-4AEF-AB4B-8E43C6FACEB4}.AppStore|ARM.ActiveCfg = Debug|Any CPU
		{CEA854A0-37E0-4AEF-AB4B-8E43C6FACEB4}.AppStore|ARM.Build.0 = Debug|Any CPU
		{CEA854A0-37E0-4AEF-AB4B-8E43C6FACEB4}.AppStore|ARM.Deploy.0 = Debug|Any CPU
		{CEA854A0-37E0-4AEF-AB4B-8E43C6FACEB4}.AppStore|iPhone.ActiveCfg = Debug|Any CPU
		{CEA854A0-37E0-4AEF-AB4B-8E43C6FACEB4}.AppStore|iPhone.Build.0 = Debug|Any CPU
		{CEA854A0-37E0-4AEF-AB4B-8E43C6FACEB4}.AppStore|iPhone.Deploy.0 = Debug|Any CPU
		{CEA854A0-37E0-4AEF-AB4B-8E43C6FACEB4}.AppStore|iPhoneSimulator.ActiveCfg = Debug|Any CPU
		{CEA854A0-37E0-4AEF-AB4B-8E43C6FACEB4}.AppStore|iPhoneSimulator.Build.0 = Debug|Any CPU
		{CEA854A0-37E0-4AEF-AB4B-8E43C6FACEB4}.AppStore|iPhoneSimulator.Deploy.0 = Debug|Any CPU
		{CEA854A0-37E0-4AEF-AB4B-8E43C6FACEB4}.AppStore|x64.ActiveCfg = Debug|Any CPU
		{CEA854A0-37E0-4AEF-AB4B-8E43C6FACEB4}.AppStore|x64.Build.0 = Debug|Any CPU
		{CEA854A0-37E0-4AEF-AB4B-8E43C6FACEB4}.AppStore|x64.Deploy.0 = Debug|Any CPU
		{CEA854A0-37E0-4AEF-AB4B-8E43C6FACEB4}.AppStore|x86.ActiveCfg = Debug|Any CPU
		{CEA854A0-37E0-4AEF-AB4B-8E43C6FACEB4}.AppStore|x86.Build.0 = Debug|Any CPU
		{CEA854A0-37E0-4AEF-AB4B-8E43C6FACEB4}.AppStore|x86.Deploy.0 = Debug|Any CPU
		{CEA854A0-37E0-4AEF-AB4B-8E43C6FACEB4}.Debug|Any CPU.ActiveCfg = Debug|Any CPU
		{CEA854A0-37E0-4AEF-AB4B-8E43C6FACEB4}.Debug|Any CPU.Build.0 = Debug|Any CPU
		{CEA854A0-37E0-4AEF-AB4B-8E43C6FACEB4}.Debug|Any CPU.Deploy.0 = Debug|Any CPU
		{CEA854A0-37E0-4AEF-AB4B-8E43C6FACEB4}.Debug|ARM.ActiveCfg = Debug|Any CPU
		{CEA854A0-37E0-4AEF-AB4B-8E43C6FACEB4}.Debug|ARM.Build.0 = Debug|Any CPU
		{CEA854A0-37E0-4AEF-AB4B-8E43C6FACEB4}.Debug|ARM.Deploy.0 = Debug|Any CPU
		{CEA854A0-37E0-4AEF-AB4B-8E43C6FACEB4}.Debug|iPhone.ActiveCfg = Debug|Any CPU
		{CEA854A0-37E0-4AEF-AB4B-8E43C6FACEB4}.Debug|iPhone.Build.0 = Debug|Any CPU
		{CEA854A0-37E0-4AEF-AB4B-8E43C6FACEB4}.Debug|iPhone.Deploy.0 = Debug|Any CPU
		{CEA854A0-37E0-4AEF-AB4B-8E43C6FACEB4}.Debug|iPhoneSimulator.ActiveCfg = Debug|Any CPU
		{CEA854A0-37E0-4AEF-AB4B-8E43C6FACEB4}.Debug|iPhoneSimulator.Build.0 = Debug|Any CPU
		{CEA854A0-37E0-4AEF-AB4B-8E43C6FACEB4}.Debug|iPhoneSimulator.Deploy.0 = Debug|Any CPU
		{CEA854A0-37E0-4AEF-AB4B-8E43C6FACEB4}.Debug|x64.ActiveCfg = Debug|Any CPU
		{CEA854A0-37E0-4AEF-AB4B-8E43C6FACEB4}.Debug|x64.Build.0 = Debug|Any CPU
		{CEA854A0-37E0-4AEF-AB4B-8E43C6FACEB4}.Debug|x64.Deploy.0 = Debug|Any CPU
		{CEA854A0-37E0-4AEF-AB4B-8E43C6FACEB4}.Debug|x86.ActiveCfg = Debug|Any CPU
		{CEA854A0-37E0-4AEF-AB4B-8E43C6FACEB4}.Debug|x86.Build.0 = Debug|Any CPU
		{CEA854A0-37E0-4AEF-AB4B-8E43C6FACEB4}.Debug|x86.Deploy.0 = Debug|Any CPU
		{CEA854A0-37E0-4AEF-AB4B-8E43C6FACEB4}.Release|Any CPU.ActiveCfg = Release|Any CPU
		{CEA854A0-37E0-4AEF-AB4B-8E43C6FACEB4}.Release|Any CPU.Build.0 = Release|Any CPU
		{CEA854A0-37E0-4AEF-AB4B-8E43C6FACEB4}.Release|Any CPU.Deploy.0 = Release|Any CPU
		{CEA854A0-37E0-4AEF-AB4B-8E43C6FACEB4}.Release|ARM.ActiveCfg = Release|Any CPU
		{CEA854A0-37E0-4AEF-AB4B-8E43C6FACEB4}.Release|ARM.Build.0 = Release|Any CPU
		{CEA854A0-37E0-4AEF-AB4B-8E43C6FACEB4}.Release|ARM.Deploy.0 = Release|Any CPU
		{CEA854A0-37E0-4AEF-AB4B-8E43C6FACEB4}.Release|iPhone.ActiveCfg = Release|Any CPU
		{CEA854A0-37E0-4AEF-AB4B-8E43C6FACEB4}.Release|iPhone.Build.0 = Release|Any CPU
		{CEA854A0-37E0-4AEF-AB4B-8E43C6FACEB4}.Release|iPhone.Deploy.0 = Release|Any CPU
		{CEA854A0-37E0-4AEF-AB4B-8E43C6FACEB4}.Release|iPhoneSimulator.ActiveCfg = Release|Any CPU
		{CEA854A0-37E0-4AEF-AB4B-8E43C6FACEB4}.Release|iPhoneSimulator.Build.0 = Release|Any CPU
		{CEA854A0-37E0-4AEF-AB4B-8E43C6FACEB4}.Release|iPhoneSimulator.Deploy.0 = Release|Any CPU
		{CEA854A0-37E0-4AEF-AB4B-8E43C6FACEB4}.Release|x64.ActiveCfg = Release|Any CPU
		{CEA854A0-37E0-4AEF-AB4B-8E43C6FACEB4}.Release|x64.Build.0 = Release|Any CPU
		{CEA854A0-37E0-4AEF-AB4B-8E43C6FACEB4}.Release|x64.Deploy.0 = Release|Any CPU
		{CEA854A0-37E0-4AEF-AB4B-8E43C6FACEB4}.Release|x86.ActiveCfg = Release|Any CPU
		{CEA854A0-37E0-4AEF-AB4B-8E43C6FACEB4}.Release|x86.Build.0 = Release|Any CPU
		{CEA854A0-37E0-4AEF-AB4B-8E43C6FACEB4}.Release|x86.Deploy.0 = Release|Any CPU
	EndGlobalSection
	GlobalSection(SolutionProperties) = preSolution
		HideSolutionNode = FALSE
	EndGlobalSection
	GlobalSection(ExtensibilityGlobals) = postSolution
		SolutionGuid = {87AAE331-09A6-44C7-99B6-4042D7840FE2}
	EndGlobalSection
EndGlobal
