
Microsoft Visual Studio Solution File, Format Version 12.00
# Visual Studio 15
VisualStudioVersion = 15.0.27703.2018
MinimumVisualStudioVersion = 10.0.40219.1
Project("{FAE04EC0-301F-11D3-BF4B-00C04F79EFBC}") = "App01_ControlXF.Android", "App01_ControlXF\App01_ControlXF.Android\App01_ControlXF.Android.csproj", "{49F4178A-CA25-4958-B309-5DA5E1AB1D3A}"
EndProject
Project("{FAE04EC0-301F-11D3-BF4B-00C04F79EFBC}") = "App01_ControlXF.iOS", "App01_ControlXF\App01_ControlXF.iOS\App01_ControlXF.iOS.csproj", "{173AC993-BE8F-4359-A279-51BB33E31DDE}"
EndProject
Project("{FAE04EC0-301F-11D3-BF4B-00C04F79EFBC}") = "App01_ControlXF.UWP", "App01_ControlXF\App01_ControlXF.UWP\App01_ControlXF.UWP.csproj", "{21A12308-F17D-4880-9D31-31F82B42525A}"
EndProject
Project("{FAE04EC0-301F-11D3-BF4B-00C04F79EFBC}") = "App01_ControlXF", "App01_ControlXF\App01_ControlXF\App01_ControlXF.csproj", "{553A1B4B-1502-4B16-B8D1-15424DD15FCB}"
EndProject
Global
	GlobalSection(SolutionConfigurationPlatforms) = preSolution
		Ad-Hoc|Any CPU = Ad-Hoc|Any CPU
		Ad-Hoc|ARM = Ad-Hoc|ARM
		Ad-Hoc|iPhone = Ad-Hoc|iPhone
		Ad-Hoc|iPhoneSimulator = Ad-Hoc|iPhoneSimulator
		Ad-Hoc|x64 = Ad-Hoc|x64
		Ad-Hoc|x86 = Ad-Hoc|x86
		AppStore|Any CPU = AppStore|Any CPU
		AppStore|ARM = AppStore|ARM
		AppStore|iPhone = AppStore|iPhone
		AppStore|iPhoneSimulator = AppStore|iPhoneSimulator
		AppStore|x64 = AppStore|x64
		AppStore|x86 = AppStore|x86
		Debug|Any CPU = Debug|Any CPU
		Debug|ARM = Debug|ARM
		Debug|iPhone = Debug|iPhone
		Debug|iPhoneSimulator = Debug|iPhoneSimulator
		Debug|x64 = Debug|x64
		Debug|x86 = Debug|x86
		Release|Any CPU = Release|Any CPU
		Release|ARM = Release|ARM
		Release|iPhone = Release|iPhone
		Release|iPhoneSimulator = Release|iPhoneSimulator
		Release|x64 = Release|x64
		Release|x86 = Release|x86
	EndGlobalSection
	GlobalSection(ProjectConfigurationPlatforms) = postSolution
		{49F4178A-CA25-4958-B309-5DA5E1AB1D3A}.Ad-Hoc|Any CPU.ActiveCfg = Release|Any CPU
		{49F4178A-CA25-4958-B309-5DA5E1AB1D3A}.Ad-Hoc|Any CPU.Build.0 = Release|Any CPU
		{49F4178A-CA25-4958-B309-5DA5E1AB1D3A}.Ad-Hoc|Any CPU.Deploy.0 = Release|Any CPU
		{49F4178A-CA25-4958-B309-5DA5E1AB1D3A}.Ad-Hoc|ARM.ActiveCfg = Release|Any CPU
		{49F4178A-CA25-4958-B309-5DA5E1AB1D3A}.Ad-Hoc|ARM.Build.0 = Release|Any CPU
		{49F4178A-CA25-4958-B309-5DA5E1AB1D3A}.Ad-Hoc|ARM.Deploy.0 = Release|Any CPU
		{49F4178A-CA25-4958-B309-5DA5E1AB1D3A}.Ad-Hoc|iPhone.ActiveCfg = Release|Any CPU
		{49F4178A-CA25-4958-B309-5DA5E1AB1D3A}.Ad-Hoc|iPhone.Build.0 = Release|Any CPU
		{49F4178A-CA25-4958-B309-5DA5E1AB1D3A}.Ad-Hoc|iPhone.Deploy.0 = Release|Any CPU
		{49F4178A-CA25-4958-B309-5DA5E1AB1D3A}.Ad-Hoc|iPhoneSimulator.ActiveCfg = Release|Any CPU
		{49F4178A-CA25-4958-B309-5DA5E1AB1D3A}.Ad-Hoc|iPhoneSimulator.Build.0 = Release|Any CPU
		{49F4178A-CA25-4958-B309-5DA5E1AB1D3A}.Ad-Hoc|iPhoneSimulator.Deploy.0 = Release|Any CPU
		{49F4178A-CA25-4958-B309-5DA5E1AB1D3A}.Ad-Hoc|x64.ActiveCfg = Release|Any CPU
		{49F4178A-CA25-4958-B309-5DA5E1AB1D3A}.Ad-Hoc|x64.Build.0 = Release|Any CPU
		{49F4178A-CA25-4958-B309-5DA5E1AB1D3A}.Ad-Hoc|x64.Deploy.0 = Release|Any CPU
		{49F4178A-CA25-4958-B309-5DA5E1AB1D3A}.Ad-Hoc|x86.ActiveCfg = Release|Any CPU
		{49F4178A-CA25-4958-B309-5DA5E1AB1D3A}.Ad-Hoc|x86.Build.0 = Release|Any CPU
		{49F4178A-CA25-4958-B309-5DA5E1AB1D3A}.Ad-Hoc|x86.Deploy.0 = Release|Any CPU
		{49F4178A-CA25-4958-B309-5DA5E1AB1D3A}.AppStore|Any CPU.ActiveCfg = Release|Any CPU
		{49F4178A-CA25-4958-B309-5DA5E1AB1D3A}.AppStore|Any CPU.Build.0 = Release|Any CPU
		{49F4178A-CA25-4958-B309-5DA5E1AB1D3A}.AppStore|Any CPU.Deploy.0 = Release|Any CPU
		{49F4178A-CA25-4958-B309-5DA5E1AB1D3A}.AppStore|ARM.ActiveCfg = Release|Any CPU
		{49F4178A-CA25-4958-B309-5DA5E1AB1D3A}.AppStore|ARM.Build.0 = Release|Any CPU
		{49F4178A-CA25-4958-B309-5DA5E1AB1D3A}.AppStore|ARM.Deploy.0 = Release|Any CPU
		{49F4178A-CA25-4958-B309-5DA5E1AB1D3A}.AppStore|iPhone.ActiveCfg = Release|Any CPU
		{49F4178A-CA25-4958-B309-5DA5E1AB1D3A}.AppStore|iPhone.Build.0 = Release|Any CPU
		{49F4178A-CA25-4958-B309-5DA5E1AB1D3A}.AppStore|iPhone.Deploy.0 = Release|Any CPU
		{49F4178A-CA25-4958-B309-5DA5E1AB1D3A}.AppStore|iPhoneSimulator.ActiveCfg = Release|Any CPU
		{49F4178A-CA25-4958-B309-5DA5E1AB1D3A}.AppStore|iPhoneSimulator.Build.0 = Release|Any CPU
		{49F4178A-CA25-4958-B309-5DA5E1AB1D3A}.AppStore|iPhoneSimulator.Deploy.0 = Release|Any CPU
		{49F4178A-CA25-4958-B309-5DA5E1AB1D3A}.AppStore|x64.ActiveCfg = Release|Any CPU
		{49F4178A-CA25-4958-B309-5DA5E1AB1D3A}.AppStore|x64.Build.0 = Release|Any CPU
		{49F4178A-CA25-4958-B309-5DA5E1AB1D3A}.AppStore|x64.Deploy.0 = Release|Any CPU
		{49F4178A-CA25-4958-B309-5DA5E1AB1D3A}.AppStore|x86.ActiveCfg = Release|Any CPU
		{49F4178A-CA25-4958-B309-5DA5E1AB1D3A}.AppStore|x86.Build.0 = Release|Any CPU
		{49F4178A-CA25-4958-B309-5DA5E1AB1D3A}.AppStore|x86.Deploy.0 = Release|Any CPU
		{49F4178A-CA25-4958-B309-5DA5E1AB1D3A}.Debug|Any CPU.ActiveCfg = Debug|Any CPU
		{49F4178A-CA25-4958-B309-5DA5E1AB1D3A}.Debug|Any CPU.Build.0 = Debug|Any CPU
		{49F4178A-CA25-4958-B309-5DA5E1AB1D3A}.Debug|Any CPU.Deploy.0 = Debug|Any CPU
		{49F4178A-CA25-4958-B309-5DA5E1AB1D3A}.Debug|ARM.ActiveCfg = Debug|Any CPU
		{49F4178A-CA25-4958-B309-5DA5E1AB1D3A}.Debug|ARM.Build.0 = Debug|Any CPU
		{49F4178A-CA25-4958-B309-5DA5E1AB1D3A}.Debug|ARM.Deploy.0 = Debug|Any CPU
		{49F4178A-CA25-4958-B309-5DA5E1AB1D3A}.Debug|iPhone.ActiveCfg = Debug|Any CPU
		{49F4178A-CA25-4958-B309-5DA5E1AB1D3A}.Debug|iPhone.Build.0 = Debug|Any CPU
		{49F4178A-CA25-4958-B309-5DA5E1AB1D3A}.Debug|iPhone.Deploy.0 = Debug|Any CPU
		{49F4178A-CA25-4958-B309-5DA5E1AB1D3A}.Debug|iPhoneSimulator.ActiveCfg = Debug|Any CPU
		{49F4178A-CA25-4958-B309-5DA5E1AB1D3A}.Debug|iPhoneSimulator.Build.0 = Debug|Any CPU
		{49F4178A-CA25-4958-B309-5DA5E1AB1D3A}.Debug|iPhoneSimulator.Deploy.0 = Debug|Any CPU
		{49F4178A-CA25-4958-B309-5DA5E1AB1D3A}.Debug|x64.ActiveCfg = Debug|Any CPU
		{49F4178A-CA25-4958-B309-5DA5E1AB1D3A}.Debug|x64.Build.0 = Debug|Any CPU
		{49F4178A-CA25-4958-B309-5DA5E1AB1D3A}.Debug|x64.Deploy.0 = Debug|Any CPU
		{49F4178A-CA25-4958-B309-5DA5E1AB1D3A}.Debug|x86.ActiveCfg = Debug|Any CPU
		{49F4178A-CA25-4958-B309-5DA5E1AB1D3A}.Debug|x86.Build.0 = Debug|Any CPU
		{49F4178A-CA25-4958-B309-5DA5E1AB1D3A}.Debug|x86.Deploy.0 = Debug|Any CPU
		{49F4178A-CA25-4958-B309-5DA5E1AB1D3A}.Release|Any CPU.ActiveCfg = Release|Any CPU
		{49F4178A-CA25-4958-B309-5DA5E1AB1D3A}.Release|Any CPU.Build.0 = Release|Any CPU
		{49F4178A-CA25-4958-B309-5DA5E1AB1D3A}.Release|Any CPU.Deploy.0 = Release|Any CPU
		{49F4178A-CA25-4958-B309-5DA5E1AB1D3A}.Release|ARM.ActiveCfg = Release|Any CPU
		{49F4178A-CA25-4958-B309-5DA5E1AB1D3A}.Release|ARM.Build.0 = Release|Any CPU
		{49F4178A-CA25-4958-B309-5DA5E1AB1D3A}.Release|ARM.Deploy.0 = Release|Any CPU
		{49F4178A-CA25-4958-B309-5DA5E1AB1D3A}.Release|iPhone.ActiveCfg = Release|Any CPU
		{49F4178A-CA25-4958-B309-5DA5E1AB1D3A}.Release|iPhone.Build.0 = Release|Any CPU
		{49F4178A-CA25-4958-B309-5DA5E1AB1D3A}.Release|iPhone.Deploy.0 = Release|Any CPU
		{49F4178A-CA25-4958-B309-5DA5E1AB1D3A}.Release|iPhoneSimulator.ActiveCfg = Release|Any CPU
		{49F4178A-CA25-4958-B309-5DA5E1AB1D3A}.Release|iPhoneSimulator.Build.0 = Release|Any CPU
		{49F4178A-CA25-4958-B309-5DA5E1AB1D3A}.Release|iPhoneSimulator.Deploy.0 = Release|Any CPU
		{49F4178A-CA25-4958-B309-5DA5E1AB1D3A}.Release|x64.ActiveCfg = Release|Any CPU
		{49F4178A-CA25-4958-B309-5DA5E1AB1D3A}.Release|x64.Build.0 = Release|Any CPU
		{49F4178A-CA25-4958-B309-5DA5E1AB1D3A}.Release|x64.Deploy.0 = Release|Any CPU
		{49F4178A-CA25-4958-B309-5DA5E1AB1D3A}.Release|x86.ActiveCfg = Release|Any CPU
		{49F4178A-CA25-4958-B309-5DA5E1AB1D3A}.Release|x86.Build.0 = Release|Any CPU
		{49F4178A-CA25-4958-B309-5DA5E1AB1D3A}.Release|x86.Deploy.0 = Release|Any CPU
		{173AC993-BE8F-4359-A279-51BB33E31DDE}.Ad-Hoc|Any CPU.ActiveCfg = Ad-Hoc|iPhone
		{173AC993-BE8F-4359-A279-51BB33E31DDE}.Ad-Hoc|Any CPU.Build.0 = Ad-Hoc|iPhone
		{173AC993-BE8F-4359-A279-51BB33E31DDE}.Ad-Hoc|Any CPU.Deploy.0 = Ad-Hoc|iPhone
		{173AC993-BE8F-4359-A279-51BB33E31DDE}.Ad-Hoc|ARM.ActiveCfg = Ad-Hoc|iPhone
		{173AC993-BE8F-4359-A279-51BB33E31DDE}.Ad-Hoc|ARM.Build.0 = Ad-Hoc|iPhone
		{173AC993-BE8F-4359-A279-51BB33E31DDE}.Ad-Hoc|ARM.Deploy.0 = Ad-Hoc|iPhone
		{173AC993-BE8F-4359-A279-51BB33E31DDE}.Ad-Hoc|iPhone.ActiveCfg = Ad-Hoc|iPhone
		{173AC993-BE8F-4359-A279-51BB33E31DDE}.Ad-Hoc|iPhone.Build.0 = Ad-Hoc|iPhone
		{173AC993-BE8F-4359-A279-51BB33E31DDE}.Ad-Hoc|iPhone.Deploy.0 = Ad-Hoc|iPhone
		{173AC993-BE8F-4359-A279-51BB33E31DDE}.Ad-Hoc|iPhoneSimulator.ActiveCfg = Ad-Hoc|iPhoneSimulator
		{173AC993-BE8F-4359-A279-51BB33E31DDE}.Ad-Hoc|iPhoneSimulator.Build.0 = Ad-Hoc|iPhoneSimulator
		{173AC993-BE8F-4359-A279-51BB33E31DDE}.Ad-Hoc|iPhoneSimulator.Deploy.0 = Ad-Hoc|iPhoneSimulator
		{173AC993-BE8F-4359-A279-51BB33E31DDE}.Ad-Hoc|x64.ActiveCfg = Ad-Hoc|iPhone
		{173AC993-BE8F-4359-A279-51BB33E31DDE}.Ad-Hoc|x64.Build.0 = Ad-Hoc|iPhone
		{173AC993-BE8F-4359-A279-51BB33E31DDE}.Ad-Hoc|x64.Deploy.0 = Ad-Hoc|iPhone
		{173AC993-BE8F-4359-A279-51BB33E31DDE}.Ad-Hoc|x86.ActiveCfg = Ad-Hoc|iPhone
		{173AC993-BE8F-4359-A279-51BB33E31DDE}.Ad-Hoc|x86.Build.0 = Ad-Hoc|iPhone
		{173AC993-BE8F-4359-A279-51BB33E31DDE}.Ad-Hoc|x86.Deploy.0 = Ad-Hoc|iPhone
		{173AC993-BE8F-4359-A279-51BB33E31DDE}.AppStore|Any CPU.ActiveCfg = AppStore|iPhone
		{173AC993-BE8F-4359-A279-51BB33E31DDE}.AppStore|Any CPU.Build.0 = AppStore|iPhone
		{173AC993-BE8F-4359-A279-51BB33E31DDE}.AppStore|Any CPU.Deploy.0 = AppStore|iPhone
		{173AC993-BE8F-4359-A279-51BB33E31DDE}.AppStore|ARM.ActiveCfg = AppStore|iPhone
		{173AC993-BE8F-4359-A279-51BB33E31DDE}.AppStore|ARM.Build.0 = AppStore|iPhone
		{173AC993-BE8F-4359-A279-51BB33E31DDE}.AppStore|ARM.Deploy.0 = AppStore|iPhone
		{173AC993-BE8F-4359-A279-51BB33E31DDE}.AppStore|iPhone.ActiveCfg = AppStore|iPhone
		{173AC993-BE8F-4359-A279-51BB33E31DDE}.AppStore|iPhone.Build.0 = AppStore|iPhone
		{173AC993-BE8F-4359-A279-51BB33E31DDE}.AppStore|iPhone.Deploy.0 = AppStore|iPhone
		{173AC993-BE8F-4359-A279-51BB33E31DDE}.AppStore|iPhoneSimulator.ActiveCfg = AppStore|iPhoneSimulator
		{173AC993-BE8F-4359-A279-51BB33E31DDE}.AppStore|iPhoneSimulator.Build.0 = AppStore|iPhoneSimulator
		{173AC993-BE8F-4359-A279-51BB33E31DDE}.AppStore|iPhoneSimulator.Deploy.0 = AppStore|iPhoneSimulator
		{173AC993-BE8F-4359-A279-51BB33E31DDE}.AppStore|x64.ActiveCfg = AppStore|iPhone
		{173AC993-BE8F-4359-A279-51BB33E31DDE}.AppStore|x64.Build.0 = AppStore|iPhone
		{173AC993-BE8F-4359-A279-51BB33E31DDE}.AppStore|x64.Deploy.0 = AppStore|iPhone
		{173AC993-BE8F-4359-A279-51BB33E31DDE}.AppStore|x86.ActiveCfg = AppStore|iPhone
		{173AC993-BE8F-4359-A279-51BB33E31DDE}.AppStore|x86.Build.0 = AppStore|iPhone
		{173AC993-BE8F-4359-A279-51BB33E31DDE}.AppStore|x86.Deploy.0 = AppStore|iPhone
		{173AC993-BE8F-4359-A279-51BB33E31DDE}.Debug|Any CPU.ActiveCfg = Debug|iPhoneSimulator
		{173AC993-BE8F-4359-A279-51BB33E31DDE}.Debug|Any CPU.Build.0 = Debug|iPhoneSimulator
		{173AC993-BE8F-4359-A279-51BB33E31DDE}.Debug|Any CPU.Deploy.0 = Debug|iPhoneSimulator
		{173AC993-BE8F-4359-A279-51BB33E31DDE}.Debug|ARM.ActiveCfg = Debug|iPhone
		{173AC993-BE8F-4359-A279-51BB33E31DDE}.Debug|ARM.Build.0 = Debug|iPhone
		{173AC993-BE8F-4359-A279-51BB33E31DDE}.Debug|ARM.Deploy.0 = Debug|iPhone
		{173AC993-BE8F-4359-A279-51BB33E31DDE}.Debug|iPhone.ActiveCfg = Debug|iPhone
		{173AC993-BE8F-4359-A279-51BB33E31DDE}.Debug|iPhone.Build.0 = Debug|iPhone
		{173AC993-BE8F-4359-A279-51BB33E31DDE}.Debug|iPhone.Deploy.0 = Debug|iPhone
		{173AC993-BE8F-4359-A279-51BB33E31DDE}.Debug|iPhoneSimulator.ActiveCfg = Debug|iPhoneSimulator
		{173AC993-BE8F-4359-A279-51BB33E31DDE}.Debug|iPhoneSimulator.Build.0 = Debug|iPhoneSimulator
		{173AC993-BE8F-4359-A279-51BB33E31DDE}.Debug|iPhoneSimulator.Deploy.0 = Debug|iPhoneSimulator
		{173AC993-BE8F-4359-A279-51BB33E31DDE}.Debug|x64.ActiveCfg = Debug|iPhone
		{173AC993-BE8F-4359-A279-51BB33E31DDE}.Debug|x64.Build.0 = Debug|iPhone
		{173AC993-BE8F-4359-A279-51BB33E31DDE}.Debug|x64.Deploy.0 = Debug|iPhone
		{173AC993-BE8F-4359-A279-51BB33E31DDE}.Debug|x86.ActiveCfg = Debug|iPhone
		{173AC993-BE8F-4359-A279-51BB33E31DDE}.Debug|x86.Build.0 = Debug|iPhone
		{173AC993-BE8F-4359-A279-51BB33E31DDE}.Debug|x86.Deploy.0 = Debug|iPhone
		{173AC993-BE8F-4359-A279-51BB33E31DDE}.Release|Any CPU.ActiveCfg = Release|iPhone
		{173AC993-BE8F-4359-A279-51BB33E31DDE}.Release|Any CPU.Build.0 = Release|iPhone
		{173AC993-BE8F-4359-A279-51BB33E31DDE}.Release|Any CPU.Deploy.0 = Release|iPhone
		{173AC993-BE8F-4359-A279-51BB33E31DDE}.Release|ARM.ActiveCfg = Release|iPhone
		{173AC993-BE8F-4359-A279-51BB33E31DDE}.Release|ARM.Build.0 = Release|iPhone
		{173AC993-BE8F-4359-A279-51BB33E31DDE}.Release|ARM.Deploy.0 = Release|iPhone
		{173AC993-BE8F-4359-A279-51BB33E31DDE}.Release|iPhone.ActiveCfg = Release|iPhone
		{173AC993-BE8F-4359-A279-51BB33E31DDE}.Release|iPhone.Build.0 = Release|iPhone
		{173AC993-BE8F-4359-A279-51BB33E31DDE}.Release|iPhone.Deploy.0 = Release|iPhone
		{173AC993-BE8F-4359-A279-51BB33E31DDE}.Release|iPhoneSimulator.ActiveCfg = Release|iPhoneSimulator
		{173AC993-BE8F-4359-A279-51BB33E31DDE}.Release|iPhoneSimulator.Build.0 = Release|iPhoneSimulator
		{173AC993-BE8F-4359-A279-51BB33E31DDE}.Release|iPhoneSimulator.Deploy.0 = Release|iPhoneSimulator
		{173AC993-BE8F-4359-A279-51BB33E31DDE}.Release|x64.ActiveCfg = Release|iPhone
		{173AC993-BE8F-4359-A279-51BB33E31DDE}.Release|x64.Build.0 = Release|iPhone
		{173AC993-BE8F-4359-A279-51BB33E31DDE}.Release|x64.Deploy.0 = Release|iPhone
		{173AC993-BE8F-4359-A279-51BB33E31DDE}.Release|x86.ActiveCfg = Release|iPhone
		{173AC993-BE8F-4359-A279-51BB33E31DDE}.Release|x86.Build.0 = Release|iPhone
		{173AC993-BE8F-4359-A279-51BB33E31DDE}.Release|x86.Deploy.0 = Release|iPhone
		{21A12308-F17D-4880-9D31-31F82B42525A}.Ad-Hoc|Any CPU.ActiveCfg = Release|x86
		{21A12308-F17D-4880-9D31-31F82B42525A}.Ad-Hoc|Any CPU.Build.0 = Release|x86
		{21A12308-F17D-4880-9D31-31F82B42525A}.Ad-Hoc|Any CPU.Deploy.0 = Release|x86
		{21A12308-F17D-4880-9D31-31F82B42525A}.Ad-Hoc|ARM.ActiveCfg = Release|ARM
		{21A12308-F17D-4880-9D31-31F82B42525A}.Ad-Hoc|ARM.Build.0 = Release|ARM
		{21A12308-F17D-4880-9D31-31F82B42525A}.Ad-Hoc|ARM.Deploy.0 = Release|ARM
		{21A12308-F17D-4880-9D31-31F82B42525A}.Ad-Hoc|iPhone.ActiveCfg = Release|x86
		{21A12308-F17D-4880-9D31-31F82B42525A}.Ad-Hoc|iPhone.Build.0 = Release|x86
		{21A12308-F17D-4880-9D31-31F82B42525A}.Ad-Hoc|iPhone.Deploy.0 = Release|x86
		{21A12308-F17D-4880-9D31-31F82B42525A}.Ad-Hoc|iPhoneSimulator.ActiveCfg = Release|x86
		{21A12308-F17D-4880-9D31-31F82B42525A}.Ad-Hoc|iPhoneSimulator.Build.0 = Release|x86
		{21A12308-F17D-4880-9D31-31F82B42525A}.Ad-Hoc|iPhoneSimulator.Deploy.0 = Release|x86
		{21A12308-F17D-4880-9D31-31F82B42525A}.Ad-Hoc|x64.ActiveCfg = Release|x64
		{21A12308-F17D-4880-9D31-31F82B42525A}.Ad-Hoc|x64.Build.0 = Release|x64
		{21A12308-F17D-4880-9D31-31F82B42525A}.Ad-Hoc|x64.Deploy.0 = Release|x64
		{21A12308-F17D-4880-9D31-31F82B42525A}.Ad-Hoc|x86.ActiveCfg = Release|x86
		{21A12308-F17D-4880-9D31-31F82B42525A}.Ad-Hoc|x86.Build.0 = Release|x86
		{21A12308-F17D-4880-9D31-31F82B42525A}.Ad-Hoc|x86.Deploy.0 = Release|x86
		{21A12308-F17D-4880-9D31-31F82B42525A}.AppStore|Any CPU.ActiveCfg = Release|x86
		{21A12308-F17D-4880-9D31-31F82B42525A}.AppStore|Any CPU.Build.0 = Release|x86
		{21A12308-F17D-4880-9D31-31F82B42525A}.AppStore|Any CPU.Deploy.0 = Release|x86
		{21A12308-F17D-4880-9D31-31F82B42525A}.AppStore|ARM.ActiveCfg = Release|ARM
		{21A12308-F17D-4880-9D31-31F82B42525A}.AppStore|ARM.Build.0 = Release|ARM
		{21A12308-F17D-4880-9D31-31F82B42525A}.AppStore|ARM.Deploy.0 = Release|ARM
		{21A12308-F17D-4880-9D31-31F82B42525A}.AppStore|iPhone.ActiveCfg = Release|x86
		{21A12308-F17D-4880-9D31-31F82B42525A}.AppStore|iPhone.Build.0 = Release|x86
		{21A12308-F17D-4880-9D31-31F82B42525A}.AppStore|iPhone.Deploy.0 = Release|x86
		{21A12308-F17D-4880-9D31-31F82B42525A}.AppStore|iPhoneSimulator.ActiveCfg = Release|x86
		{21A12308-F17D-4880-9D31-31F82B42525A}.AppStore|iPhoneSimulator.Build.0 = Release|x86
		{21A12308-F17D-4880-9D31-31F82B42525A}.AppStore|iPhoneSimulator.Deploy.0 = Release|x86
		{21A12308-F17D-4880-9D31-31F82B42525A}.AppStore|x64.ActiveCfg = Release|x64
		{21A12308-F17D-4880-9D31-31F82B42525A}.AppStore|x64.Build.0 = Release|x64
		{21A12308-F17D-4880-9D31-31F82B42525A}.AppStore|x64.Deploy.0 = Release|x64
		{21A12308-F17D-4880-9D31-31F82B42525A}.AppStore|x86.ActiveCfg = Release|x86
		{21A12308-F17D-4880-9D31-31F82B42525A}.AppStore|x86.Build.0 = Release|x86
		{21A12308-F17D-4880-9D31-31F82B42525A}.AppStore|x86.Deploy.0 = Release|x86
		{21A12308-F17D-4880-9D31-31F82B42525A}.Debug|Any CPU.ActiveCfg = Debug|x86
		{21A12308-F17D-4880-9D31-31F82B42525A}.Debug|Any CPU.Build.0 = Debug|x86
		{21A12308-F17D-4880-9D31-31F82B42525A}.Debug|Any CPU.Deploy.0 = Debug|x86
		{21A12308-F17D-4880-9D31-31F82B42525A}.Debug|ARM.ActiveCfg = Debug|ARM
		{21A12308-F17D-4880-9D31-31F82B42525A}.Debug|ARM.Build.0 = Debug|ARM
		{21A12308-F17D-4880-9D31-31F82B42525A}.Debug|ARM.Deploy.0 = Debug|ARM
		{21A12308-F17D-4880-9D31-31F82B42525A}.Debug|iPhone.ActiveCfg = Debug|x86
		{21A12308-F17D-4880-9D31-31F82B42525A}.Debug|iPhone.Build.0 = Debug|x86
		{21A12308-F17D-4880-9D31-31F82B42525A}.Debug|iPhone.Deploy.0 = Debug|x86
		{21A12308-F17D-4880-9D31-31F82B42525A}.Debug|iPhoneSimulator.ActiveCfg = Debug|x86
		{21A12308-F17D-4880-9D31-31F82B42525A}.Debug|iPhoneSimulator.Build.0 = Debug|x86
		{21A12308-F17D-4880-9D31-31F82B42525A}.Debug|iPhoneSimulator.Deploy.0 = Debug|x86
		{21A12308-F17D-4880-9D31-31F82B42525A}.Debug|x64.ActiveCfg = Debug|x64
		{21A12308-F17D-4880-9D31-31F82B42525A}.Debug|x64.Build.0 = Debug|x64
		{21A12308-F17D-4880-9D31-31F82B42525A}.Debug|x64.Deploy.0 = Debug|x64
		{21A12308-F17D-4880-9D31-31F82B42525A}.Debug|x86.ActiveCfg = Debug|x86
		{21A12308-F17D-4880-9D31-31F82B42525A}.Debug|x86.Build.0 = Debug|x86
		{21A12308-F17D-4880-9D31-31F82B42525A}.Debug|x86.Deploy.0 = Debug|x86
		{21A12308-F17D-4880-9D31-31F82B42525A}.Release|Any CPU.ActiveCfg = Release|x86
		{21A12308-F17D-4880-9D31-31F82B42525A}.Release|Any CPU.Build.0 = Release|x86
		{21A12308-F17D-4880-9D31-31F82B42525A}.Release|Any CPU.Deploy.0 = Release|x86
		{21A12308-F17D-4880-9D31-31F82B42525A}.Release|ARM.ActiveCfg = Release|ARM
		{21A12308-F17D-4880-9D31-31F82B42525A}.Release|ARM.Build.0 = Release|ARM
		{21A12308-F17D-4880-9D31-31F82B42525A}.Release|ARM.Deploy.0 = Release|ARM
		{21A12308-F17D-4880-9D31-31F82B42525A}.Release|iPhone.ActiveCfg = Release|x86
		{21A12308-F17D-4880-9D31-31F82B42525A}.Release|iPhone.Build.0 = Release|x86
		{21A12308-F17D-4880-9D31-31F82B42525A}.Release|iPhone.Deploy.0 = Release|x86
		{21A12308-F17D-4880-9D31-31F82B42525A}.Release|iPhoneSimulator.ActiveCfg = Release|x86
		{21A12308-F17D-4880-9D31-31F82B42525A}.Release|iPhoneSimulator.Build.0 = Release|x86
		{21A12308-F17D-4880-9D31-31F82B42525A}.Release|iPhoneSimulator.Deploy.0 = Release|x86
		{21A12308-F17D-4880-9D31-31F82B42525A}.Release|x64.ActiveCfg = Release|x64
		{21A12308-F17D-4880-9D31-31F82B42525A}.Release|x64.Build.0 = Release|x64
		{21A12308-F17D-4880-9D31-31F82B42525A}.Release|x64.Deploy.0 = Release|x64
		{21A12308-F17D-4880-9D31-31F82B42525A}.Release|x86.ActiveCfg = Release|x86
		{21A12308-F17D-4880-9D31-31F82B42525A}.Release|x86.Build.0 = Release|x86
		{21A12308-F17D-4880-9D31-31F82B42525A}.Release|x86.Deploy.0 = Release|x86
		{553A1B4B-1502-4B16-B8D1-15424DD15FCB}.Ad-Hoc|Any CPU.ActiveCfg = Debug|Any CPU
		{553A1B4B-1502-4B16-B8D1-15424DD15FCB}.Ad-Hoc|Any CPU.Build.0 = Debug|Any CPU
		{553A1B4B-1502-4B16-B8D1-15424DD15FCB}.Ad-Hoc|Any CPU.Deploy.0 = Debug|Any CPU
		{553A1B4B-1502-4B16-B8D1-15424DD15FCB}.Ad-Hoc|ARM.ActiveCfg = Debug|Any CPU
		{553A1B4B-1502-4B16-B8D1-15424DD15FCB}.Ad-Hoc|ARM.Build.0 = Debug|Any CPU
		{553A1B4B-1502-4B16-B8D1-15424DD15FCB}.Ad-Hoc|ARM.Deploy.0 = Debug|Any CPU
		{553A1B4B-1502-4B16-B8D1-15424DD15FCB}.Ad-Hoc|iPhone.ActiveCfg = Debug|Any CPU
		{553A1B4B-1502-4B16-B8D1-15424DD15FCB}.Ad-Hoc|iPhone.Build.0 = Debug|Any CPU
		{553A1B4B-1502-4B16-B8D1-15424DD15FCB}.Ad-Hoc|iPhone.Deploy.0 = Debug|Any CPU
		{553A1B4B-1502-4B16-B8D1-15424DD15FCB}.Ad-Hoc|iPhoneSimulator.ActiveCfg = Debug|Any CPU
		{553A1B4B-1502-4B16-B8D1-15424DD15FCB}.Ad-Hoc|iPhoneSimulator.Build.0 = Debug|Any CPU
		{553A1B4B-1502-4B16-B8D1-15424DD15FCB}.Ad-Hoc|iPhoneSimulator.Deploy.0 = Debug|Any CPU
		{553A1B4B-1502-4B16-B8D1-15424DD15FCB}.Ad-Hoc|x64.ActiveCfg = Debug|Any CPU
		{553A1B4B-1502-4B16-B8D1-15424DD15FCB}.Ad-Hoc|x64.Build.0 = Debug|Any CPU
		{553A1B4B-1502-4B16-B8D1-15424DD15FCB}.Ad-Hoc|x64.Deploy.0 = Debug|Any CPU
		{553A1B4B-1502-4B16-B8D1-15424DD15FCB}.Ad-Hoc|x86.ActiveCfg = Debug|Any CPU
		{553A1B4B-1502-4B16-B8D1-15424DD15FCB}.Ad-Hoc|x86.Build.0 = Debug|Any CPU
		{553A1B4B-1502-4B16-B8D1-15424DD15FCB}.Ad-Hoc|x86.Deploy.0 = Debug|Any CPU
		{553A1B4B-1502-4B16-B8D1-15424DD15FCB}.AppStore|Any CPU.ActiveCfg = Debug|Any CPU
		{553A1B4B-1502-4B16-B8D1-15424DD15FCB}.AppStore|Any CPU.Build.0 = Debug|Any CPU
		{553A1B4B-1502-4B16-B8D1-15424DD15FCB}.AppStore|Any CPU.Deploy.0 = Debug|Any CPU
		{553A1B4B-1502-4B16-B8D1-15424DD15FCB}.AppStore|ARM.ActiveCfg = Debug|Any CPU
		{553A1B4B-1502-4B16-B8D1-15424DD15FCB}.AppStore|ARM.Build.0 = Debug|Any CPU
		{553A1B4B-1502-4B16-B8D1-15424DD15FCB}.AppStore|ARM.Deploy.0 = Debug|Any CPU
		{553A1B4B-1502-4B16-B8D1-15424DD15FCB}.AppStore|iPhone.ActiveCfg = Debug|Any CPU
		{553A1B4B-1502-4B16-B8D1-15424DD15FCB}.AppStore|iPhone.Build.0 = Debug|Any CPU
		{553A1B4B-1502-4B16-B8D1-15424DD15FCB}.AppStore|iPhone.Deploy.0 = Debug|Any CPU
		{553A1B4B-1502-4B16-B8D1-15424DD15FCB}.AppStore|iPhoneSimulator.ActiveCfg = Debug|Any CPU
		{553A1B4B-1502-4B16-B8D1-15424DD15FCB}.AppStore|iPhoneSimulator.Build.0 = Debug|Any CPU
		{553A1B4B-1502-4B16-B8D1-15424DD15FCB}.AppStore|iPhoneSimulator.Deploy.0 = Debug|Any CPU
		{553A1B4B-1502-4B16-B8D1-15424DD15FCB}.AppStore|x64.ActiveCfg = Debug|Any CPU
		{553A1B4B-1502-4B16-B8D1-15424DD15FCB}.AppStore|x64.Build.0 = Debug|Any CPU
		{553A1B4B-1502-4B16-B8D1-15424DD15FCB}.AppStore|x64.Deploy.0 = Debug|Any CPU
		{553A1B4B-1502-4B16-B8D1-15424DD15FCB}.AppStore|x86.ActiveCfg = Debug|Any CPU
		{553A1B4B-1502-4B16-B8D1-15424DD15FCB}.AppStore|x86.Build.0 = Debug|Any CPU
		{553A1B4B-1502-4B16-B8D1-15424DD15FCB}.AppStore|x86.Deploy.0 = Debug|Any CPU
		{553A1B4B-1502-4B16-B8D1-15424DD15FCB}.Debug|Any CPU.ActiveCfg = Debug|Any CPU
		{553A1B4B-1502-4B16-B8D1-15424DD15FCB}.Debug|Any CPU.Build.0 = Debug|Any CPU
		{553A1B4B-1502-4B16-B8D1-15424DD15FCB}.Debug|Any CPU.Deploy.0 = Debug|Any CPU
		{553A1B4B-1502-4B16-B8D1-15424DD15FCB}.Debug|ARM.ActiveCfg = Debug|Any CPU
		{553A1B4B-1502-4B16-B8D1-15424DD15FCB}.Debug|ARM.Build.0 = Debug|Any CPU
		{553A1B4B-1502-4B16-B8D1-15424DD15FCB}.Debug|ARM.Deploy.0 = Debug|Any CPU
		{553A1B4B-1502-4B16-B8D1-15424DD15FCB}.Debug|iPhone.ActiveCfg = Debug|Any CPU
		{553A1B4B-1502-4B16-B8D1-15424DD15FCB}.Debug|iPhone.Build.0 = Debug|Any CPU
		{553A1B4B-1502-4B16-B8D1-15424DD15FCB}.Debug|iPhone.Deploy.0 = Debug|Any CPU
		{553A1B4B-1502-4B16-B8D1-15424DD15FCB}.Debug|iPhoneSimulator.ActiveCfg = Debug|Any CPU
		{553A1B4B-1502-4B16-B8D1-15424DD15FCB}.Debug|iPhoneSimulator.Build.0 = Debug|Any CPU
		{553A1B4B-1502-4B16-B8D1-15424DD15FCB}.Debug|iPhoneSimulator.Deploy.0 = Debug|Any CPU
		{553A1B4B-1502-4B16-B8D1-15424DD15FCB}.Debug|x64.ActiveCfg = Debug|Any CPU
		{553A1B4B-1502-4B16-B8D1-15424DD15FCB}.Debug|x64.Build.0 = Debug|Any CPU
		{553A1B4B-1502-4B16-B8D1-15424DD15FCB}.Debug|x64.Deploy.0 = Debug|Any CPU
		{553A1B4B-1502-4B16-B8D1-15424DD15FCB}.Debug|x86.ActiveCfg = Debug|Any CPU
		{553A1B4B-1502-4B16-B8D1-15424DD15FCB}.Debug|x86.Build.0 = Debug|Any CPU
		{553A1B4B-1502-4B16-B8D1-15424DD15FCB}.Debug|x86.Deploy.0 = Debug|Any CPU
		{553A1B4B-1502-4B16-B8D1-15424DD15FCB}.Release|Any CPU.ActiveCfg = Release|Any CPU
		{553A1B4B-1502-4B16-B8D1-15424DD15FCB}.Release|Any CPU.Build.0 = Release|Any CPU
		{553A1B4B-1502-4B16-B8D1-15424DD15FCB}.Release|Any CPU.Deploy.0 = Release|Any CPU
		{553A1B4B-1502-4B16-B8D1-15424DD15FCB}.Release|ARM.ActiveCfg = Release|Any CPU
		{553A1B4B-1502-4B16-B8D1-15424DD15FCB}.Release|ARM.Build.0 = Release|Any CPU
		{553A1B4B-1502-4B16-B8D1-15424DD15FCB}.Release|ARM.Deploy.0 = Release|Any CPU
		{553A1B4B-1502-4B16-B8D1-15424DD15FCB}.Release|iPhone.ActiveCfg = Release|Any CPU
		{553A1B4B-1502-4B16-B8D1-15424DD15FCB}.Release|iPhone.Build.0 = Release|Any CPU
		{553A1B4B-1502-4B16-B8D1-15424DD15FCB}.Release|iPhone.Deploy.0 = Release|Any CPU
		{553A1B4B-1502-4B16-B8D1-15424DD15FCB}.Release|iPhoneSimulator.ActiveCfg = Release|Any CPU
		{553A1B4B-1502-4B16-B8D1-15424DD15FCB}.Release|iPhoneSimulator.Build.0 = Release|Any CPU
		{553A1B4B-1502-4B16-B8D1-15424DD15FCB}.Release|iPhoneSimulator.Deploy.0 = Release|Any CPU
		{553A1B4B-1502-4B16-B8D1-15424DD15FCB}.Release|x64.ActiveCfg = Release|Any CPU
		{553A1B4B-1502-4B16-B8D1-15424DD15FCB}.Release|x64.Build.0 = Release|Any CPU
		{553A1B4B-1502-4B16-B8D1-15424DD15FCB}.Release|x64.Deploy.0 = Release|Any CPU
		{553A1B4B-1502-4B16-B8D1-15424DD15FCB}.Release|x86.ActiveCfg = Release|Any CPU
		{553A1B4B-1502-4B16-B8D1-15424DD15FCB}.Release|x86.Build.0 = Release|Any CPU
		{553A1B4B-1502-4B16-B8D1-15424DD15FCB}.Release|x86.Deploy.0 = Release|Any CPU
	EndGlobalSection
	GlobalSection(SolutionProperties) = preSolution
		HideSolutionNode = FALSE
	EndGlobalSection
	GlobalSection(ExtensibilityGlobals) = postSolution
		SolutionGuid = {2D9CC83F-E7DD-418C-B8F6-617CCBF8E982}
	EndGlobalSection
EndGlobal
