
Microsoft Visual Studio Solution File, Format Version 12.00
# Visual Studio 15
VisualStudioVersion = 15.0.27703.2018
MinimumVisualStudioVersion = 10.0.40219.1
Project("{FAE04EC0-301F-11D3-BF4B-00C04F79EFBC}") = "App01_Vagas.Android", "App01_Vagas\App01_Vagas.Android\App01_Vagas.Android.csproj", "{1CF69106-5B5F-42D3-82D7-D7169FE9EFFB}"
EndProject
Project("{FAE04EC0-301F-11D3-BF4B-00C04F79EFBC}") = "App01_Vagas.iOS", "App01_Vagas\App01_Vagas.iOS\App01_Vagas.iOS.csproj", "{44D1C27D-70D0-4AE2-B90C-CE286EDD44DB}"
EndProject
Project("{FAE04EC0-301F-11D3-BF4B-00C04F79EFBC}") = "App01_Vagas.UWP", "App01_Vagas\App01_Vagas.UWP\App01_Vagas.UWP.csproj", "{AE28CD46-3024-455C-BA36-C3352E6FCF69}"
EndProject
Project("{FAE04EC0-301F-11D3-BF4B-00C04F79EFBC}") = "App01_Vagas", "App01_Vagas\App01_Vagas\App01_Vagas.csproj", "{FAD6062B-EF75-4AFC-8FEE-AABF79670528}"
EndProject
Global
	GlobalSection(SolutionConfigurationPlatforms) = preSolution
		Ad-Hoc|Any CPU = Ad-Hoc|Any CPU
		Ad-Hoc|ARM = Ad-Hoc|ARM
		Ad-Hoc|iPhone = Ad-Hoc|iPhone
		Ad-Hoc|iPhoneSimulator = Ad-Hoc|iPhoneSimulator
		Ad-Hoc|x64 = Ad-Hoc|x64
		Ad-Hoc|x86 = Ad-Hoc|x86
		AppStore|Any CPU = AppStore|Any CPU
		AppStore|ARM = AppStore|ARM
		AppStore|iPhone = AppStore|iPhone
		AppStore|iPhoneSimulator = AppStore|iPhoneSimulator
		AppStore|x64 = AppStore|x64
		AppStore|x86 = AppStore|x86
		Debug|Any CPU = Debug|Any CPU
		Debug|ARM = Debug|ARM
		Debug|iPhone = Debug|iPhone
		Debug|iPhoneSimulator = Debug|iPhoneSimulator
		Debug|x64 = Debug|x64
		Debug|x86 = Debug|x86
		Release|Any CPU = Release|Any CPU
		Release|ARM = Release|ARM
		Release|iPhone = Release|iPhone
		Release|iPhoneSimulator = Release|iPhoneSimulator
		Release|x64 = Release|x64
		Release|x86 = Release|x86
	EndGlobalSection
	GlobalSection(ProjectConfigurationPlatforms) = postSolution
		{1CF69106-5B5F-42D3-82D7-D7169FE9EFFB}.Ad-Hoc|Any CPU.ActiveCfg = Release|Any CPU
		{1CF69106-5B5F-42D3-82D7-D7169FE9EFFB}.Ad-Hoc|Any CPU.Build.0 = Release|Any CPU
		{1CF69106-5B5F-42D3-82D7-D7169FE9EFFB}.Ad-Hoc|Any CPU.Deploy.0 = Release|Any CPU
		{1CF69106-5B5F-42D3-82D7-D7169FE9EFFB}.Ad-Hoc|ARM.ActiveCfg = Release|Any CPU
		{1CF69106-5B5F-42D3-82D7-D7169FE9EFFB}.Ad-Hoc|ARM.Build.0 = Release|Any CPU
		{1CF69106-5B5F-42D3-82D7-D7169FE9EFFB}.Ad-Hoc|ARM.Deploy.0 = Release|Any CPU
		{1CF69106-5B5F-42D3-82D7-D7169FE9EFFB}.Ad-Hoc|iPhone.ActiveCfg = Release|Any CPU
		{1CF69106-5B5F-42D3-82D7-D7169FE9EFFB}.Ad-Hoc|iPhone.Build.0 = Release|Any CPU
		{1CF69106-5B5F-42D3-82D7-D7169FE9EFFB}.Ad-Hoc|iPhone.Deploy.0 = Release|Any CPU
		{1CF69106-5B5F-42D3-82D7-D7169FE9EFFB}.Ad-Hoc|iPhoneSimulator.ActiveCfg = Release|Any CPU
		{1CF69106-5B5F-42D3-82D7-D7169FE9EFFB}.Ad-Hoc|iPhoneSimulator.Build.0 = Release|Any CPU
		{1CF69106-5B5F-42D3-82D7-D7169FE9EFFB}.Ad-Hoc|iPhoneSimulator.Deploy.0 = Release|Any CPU
		{1CF69106-5B5F-42D3-82D7-D7169FE9EFFB}.Ad-Hoc|x64.ActiveCfg = Release|Any CPU
		{1CF69106-5B5F-42D3-82D7-D7169FE9EFFB}.Ad-Hoc|x64.Build.0 = Release|Any CPU
		{1CF69106-5B5F-42D3-82D7-D7169FE9EFFB}.Ad-Hoc|x64.Deploy.0 = Release|Any CPU
		{1CF69106-5B5F-42D3-82D7-D7169FE9EFFB}.Ad-Hoc|x86.ActiveCfg = Release|Any CPU
		{1CF69106-5B5F-42D3-82D7-D7169FE9EFFB}.Ad-Hoc|x86.Build.0 = Release|Any CPU
		{1CF69106-5B5F-42D3-82D7-D7169FE9EFFB}.Ad-Hoc|x86.Deploy.0 = Release|Any CPU
		{1CF69106-5B5F-42D3-82D7-D7169FE9EFFB}.AppStore|Any CPU.ActiveCfg = Release|Any CPU
		{1CF69106-5B5F-42D3-82D7-D7169FE9EFFB}.AppStore|Any CPU.Build.0 = Release|Any CPU
		{1CF69106-5B5F-42D3-82D7-D7169FE9EFFB}.AppStore|Any CPU.Deploy.0 = Release|Any CPU
		{1CF69106-5B5F-42D3-82D7-D7169FE9EFFB}.AppStore|ARM.ActiveCfg = Release|Any CPU
		{1CF69106-5B5F-42D3-82D7-D7169FE9EFFB}.AppStore|ARM.Build.0 = Release|Any CPU
		{1CF69106-5B5F-42D3-82D7-D7169FE9EFFB}.AppStore|ARM.Deploy.0 = Release|Any CPU
		{1CF69106-5B5F-42D3-82D7-D7169FE9EFFB}.AppStore|iPhone.ActiveCfg = Release|Any CPU
		{1CF69106-5B5F-42D3-82D7-D7169FE9EFFB}.AppStore|iPhone.Build.0 = Release|Any CPU
		{1CF69106-5B5F-42D3-82D7-D7169FE9EFFB}.AppStore|iPhone.Deploy.0 = Release|Any CPU
		{1CF69106-5B5F-42D3-82D7-D7169FE9EFFB}.AppStore|iPhoneSimulator.ActiveCfg = Release|Any CPU
		{1CF69106-5B5F-42D3-82D7-D7169FE9EFFB}.AppStore|iPhoneSimulator.Build.0 = Release|Any CPU
		{1CF69106-5B5F-42D3-82D7-D7169FE9EFFB}.AppStore|iPhoneSimulator.Deploy.0 = Release|Any CPU
		{1CF69106-5B5F-42D3-82D7-D7169FE9EFFB}.AppStore|x64.ActiveCfg = Release|Any CPU
		{1CF69106-5B5F-42D3-82D7-D7169FE9EFFB}.AppStore|x64.Build.0 = Release|Any CPU
		{1CF69106-5B5F-42D3-82D7-D7169FE9EFFB}.AppStore|x64.Deploy.0 = Release|Any CPU
		{1CF69106-5B5F-42D3-82D7-D7169FE9EFFB}.AppStore|x86.ActiveCfg = Release|Any CPU
		{1CF69106-5B5F-42D3-82D7-D7169FE9EFFB}.AppStore|x86.Build.0 = Release|Any CPU
		{1CF69106-5B5F-42D3-82D7-D7169FE9EFFB}.AppStore|x86.Deploy.0 = Release|Any CPU
		{1CF69106-5B5F-42D3-82D7-D7169FE9EFFB}.Debug|Any CPU.ActiveCfg = Debug|Any CPU
		{1CF69106-5B5F-42D3-82D7-D7169FE9EFFB}.Debug|Any CPU.Build.0 = Debug|Any CPU
		{1CF69106-5B5F-42D3-82D7-D7169FE9EFFB}.Debug|Any CPU.Deploy.0 = Debug|Any CPU
		{1CF69106-5B5F-42D3-82D7-D7169FE9EFFB}.Debug|ARM.ActiveCfg = Debug|Any CPU
		{1CF69106-5B5F-42D3-82D7-D7169FE9EFFB}.Debug|ARM.Build.0 = Debug|Any CPU
		{1CF69106-5B5F-42D3-82D7-D7169FE9EFFB}.Debug|ARM.Deploy.0 = Debug|Any CPU
		{1CF69106-5B5F-42D3-82D7-D7169FE9EFFB}.Debug|iPhone.ActiveCfg = Debug|Any CPU
		{1CF69106-5B5F-42D3-82D7-D7169FE9EFFB}.Debug|iPhone.Build.0 = Debug|Any CPU
		{1CF69106-5B5F-42D3-82D7-D7169FE9EFFB}.Debug|iPhone.Deploy.0 = Debug|Any CPU
		{1CF69106-5B5F-42D3-82D7-D7169FE9EFFB}.Debug|iPhoneSimulator.ActiveCfg = Debug|Any CPU
		{1CF69106-5B5F-42D3-82D7-D7169FE9EFFB}.Debug|iPhoneSimulator.Build.0 = Debug|Any CPU
		{1CF69106-5B5F-42D3-82D7-D7169FE9EFFB}.Debug|iPhoneSimulator.Deploy.0 = Debug|Any CPU
		{1CF69106-5B5F-42D3-82D7-D7169FE9EFFB}.Debug|x64.ActiveCfg = Debug|Any CPU
		{1CF69106-5B5F-42D3-82D7-D7169FE9EFFB}.Debug|x64.Build.0 = Debug|Any CPU
		{1CF69106-5B5F-42D3-82D7-D7169FE9EFFB}.Debug|x64.Deploy.0 = Debug|Any CPU
		{1CF69106-5B5F-42D3-82D7-D7169FE9EFFB}.Debug|x86.ActiveCfg = Debug|Any CPU
		{1CF69106-5B5F-42D3-82D7-D7169FE9EFFB}.Debug|x86.Build.0 = Debug|Any CPU
		{1CF69106-5B5F-42D3-82D7-D7169FE9EFFB}.Debug|x86.Deploy.0 = Debug|Any CPU
		{1CF69106-5B5F-42D3-82D7-D7169FE9EFFB}.Release|Any CPU.ActiveCfg = Release|Any CPU
		{1CF69106-5B5F-42D3-82D7-D7169FE9EFFB}.Release|Any CPU.Build.0 = Release|Any CPU
		{1CF69106-5B5F-42D3-82D7-D7169FE9EFFB}.Release|Any CPU.Deploy.0 = Release|Any CPU
		{1CF69106-5B5F-42D3-82D7-D7169FE9EFFB}.Release|ARM.ActiveCfg = Release|Any CPU
		{1CF69106-5B5F-42D3-82D7-D7169FE9EFFB}.Release|ARM.Build.0 = Release|Any CPU
		{1CF69106-5B5F-42D3-82D7-D7169FE9EFFB}.Release|ARM.Deploy.0 = Release|Any CPU
		{1CF69106-5B5F-42D3-82D7-D7169FE9EFFB}.Release|iPhone.ActiveCfg = Release|Any CPU
		{1CF69106-5B5F-42D3-82D7-D7169FE9EFFB}.Release|iPhone.Build.0 = Release|Any CPU
		{1CF69106-5B5F-42D3-82D7-D7169FE9EFFB}.Release|iPhone.Deploy.0 = Release|Any CPU
		{1CF69106-5B5F-42D3-82D7-D7169FE9EFFB}.Release|iPhoneSimulator.ActiveCfg = Release|Any CPU
		{1CF69106-5B5F-42D3-82D7-D7169FE9EFFB}.Release|iPhoneSimulator.Build.0 = Release|Any CPU
		{1CF69106-5B5F-42D3-82D7-D7169FE9EFFB}.Release|iPhoneSimulator.Deploy.0 = Release|Any CPU
		{1CF69106-5B5F-42D3-82D7-D7169FE9EFFB}.Release|x64.ActiveCfg = Release|Any CPU
		{1CF69106-5B5F-42D3-82D7-D7169FE9EFFB}.Release|x64.Build.0 = Release|Any CPU
		{1CF69106-5B5F-42D3-82D7-D7169FE9EFFB}.Release|x64.Deploy.0 = Release|Any CPU
		{1CF69106-5B5F-42D3-82D7-D7169FE9EFFB}.Release|x86.ActiveCfg = Release|Any CPU
		{1CF69106-5B5F-42D3-82D7-D7169FE9EFFB}.Release|x86.Build.0 = Release|Any CPU
		{1CF69106-5B5F-42D3-82D7-D7169FE9EFFB}.Release|x86.Deploy.0 = Release|Any CPU
		{44D1C27D-70D0-4AE2-B90C-CE286EDD44DB}.Ad-Hoc|Any CPU.ActiveCfg = Ad-Hoc|iPhone
		{44D1C27D-70D0-4AE2-B90C-CE286EDD44DB}.Ad-Hoc|Any CPU.Build.0 = Ad-Hoc|iPhone
		{44D1C27D-70D0-4AE2-B90C-CE286EDD44DB}.Ad-Hoc|Any CPU.Deploy.0 = Ad-Hoc|iPhone
		{44D1C27D-70D0-4AE2-B90C-CE286EDD44DB}.Ad-Hoc|ARM.ActiveCfg = Ad-Hoc|iPhone
		{44D1C27D-70D0-4AE2-B90C-CE286EDD44DB}.Ad-Hoc|ARM.Build.0 = Ad-Hoc|iPhone
		{44D1C27D-70D0-4AE2-B90C-CE286EDD44DB}.Ad-Hoc|ARM.Deploy.0 = Ad-Hoc|iPhone
		{44D1C27D-70D0-4AE2-B90C-CE286EDD44DB}.Ad-Hoc|iPhone.ActiveCfg = Ad-Hoc|iPhone
		{44D1C27D-70D0-4AE2-B90C-CE286EDD44DB}.Ad-Hoc|iPhone.Build.0 = Ad-Hoc|iPhone
		{44D1C27D-70D0-4AE2-B90C-CE286EDD44DB}.Ad-Hoc|iPhone.Deploy.0 = Ad-Hoc|iPhone
		{44D1C27D-70D0-4AE2-B90C-CE286EDD44DB}.Ad-Hoc|iPhoneSimulator.ActiveCfg = Ad-Hoc|iPhoneSimulator
		{44D1C27D-70D0-4AE2-B90C-CE286EDD44DB}.Ad-Hoc|iPhoneSimulator.Build.0 = Ad-Hoc|iPhoneSimulator
		{44D1C27D-70D0-4AE2-B90C-CE286EDD44DB}.Ad-Hoc|iPhoneSimulator.Deploy.0 = Ad-Hoc|iPhoneSimulator
		{44D1C27D-70D0-4AE2-B90C-CE286EDD44DB}.Ad-Hoc|x64.ActiveCfg = Ad-Hoc|iPhone
		{44D1C27D-70D0-4AE2-B90C-CE286EDD44DB}.Ad-Hoc|x64.Build.0 = Ad-Hoc|iPhone
		{44D1C27D-70D0-4AE2-B90C-CE286EDD44DB}.Ad-Hoc|x64.Deploy.0 = Ad-Hoc|iPhone
		{44D1C27D-70D0-4AE2-B90C-CE286EDD44DB}.Ad-Hoc|x86.ActiveCfg = Ad-Hoc|iPhone
		{44D1C27D-70D0-4AE2-B90C-CE286EDD44DB}.Ad-Hoc|x86.Build.0 = Ad-Hoc|iPhone
		{44D1C27D-70D0-4AE2-B90C-CE286EDD44DB}.Ad-Hoc|x86.Deploy.0 = Ad-Hoc|iPhone
		{44D1C27D-70D0-4AE2-B90C-CE286EDD44DB}.AppStore|Any CPU.ActiveCfg = AppStore|iPhone
		{44D1C27D-70D0-4AE2-B90C-CE286EDD44DB}.AppStore|Any CPU.Build.0 = AppStore|iPhone
		{44D1C27D-70D0-4AE2-B90C-CE286EDD44DB}.AppStore|Any CPU.Deploy.0 = AppStore|iPhone
		{44D1C27D-70D0-4AE2-B90C-CE286EDD44DB}.AppStore|ARM.ActiveCfg = AppStore|iPhone
		{44D1C27D-70D0-4AE2-B90C-CE286EDD44DB}.AppStore|ARM.Build.0 = AppStore|iPhone
		{44D1C27D-70D0-4AE2-B90C-CE286EDD44DB}.AppStore|ARM.Deploy.0 = AppStore|iPhone
		{44D1C27D-70D0-4AE2-B90C-CE286EDD44DB}.AppStore|iPhone.ActiveCfg = AppStore|iPhone
		{44D1C27D-70D0-4AE2-B90C-CE286EDD44DB}.AppStore|iPhone.Build.0 = AppStore|iPhone
		{44D1C27D-70D0-4AE2-B90C-CE286EDD44DB}.AppStore|iPhone.Deploy.0 = AppStore|iPhone
		{44D1C27D-70D0-4AE2-B90C-CE286EDD44DB}.AppStore|iPhoneSimulator.ActiveCfg = AppStore|iPhoneSimulator
		{44D1C27D-70D0-4AE2-B90C-CE286EDD44DB}.AppStore|iPhoneSimulator.Build.0 = AppStore|iPhoneSimulator
		{44D1C27D-70D0-4AE2-B90C-CE286EDD44DB}.AppStore|iPhoneSimulator.Deploy.0 = AppStore|iPhoneSimulator
		{44D1C27D-70D0-4AE2-B90C-CE286EDD44DB}.AppStore|x64.ActiveCfg = AppStore|iPhone
		{44D1C27D-70D0-4AE2-B90C-CE286EDD44DB}.AppStore|x64.Build.0 = AppStore|iPhone
		{44D1C27D-70D0-4AE2-B90C-CE286EDD44DB}.AppStore|x64.Deploy.0 = AppStore|iPhone
		{44D1C27D-70D0-4AE2-B90C-CE286EDD44DB}.AppStore|x86.ActiveCfg = AppStore|iPhone
		{44D1C27D-70D0-4AE2-B90C-CE286EDD44DB}.AppStore|x86.Build.0 = AppStore|iPhone
		{44D1C27D-70D0-4AE2-B90C-CE286EDD44DB}.AppStore|x86.Deploy.0 = AppStore|iPhone
		{44D1C27D-70D0-4AE2-B90C-CE286EDD44DB}.Debug|Any CPU.ActiveCfg = Debug|iPhoneSimulator
		{44D1C27D-70D0-4AE2-B90C-CE286EDD44DB}.Debug|Any CPU.Build.0 = Debug|iPhoneSimulator
		{44D1C27D-70D0-4AE2-B90C-CE286EDD44DB}.Debug|Any CPU.Deploy.0 = Debug|iPhoneSimulator
		{44D1C27D-70D0-4AE2-B90C-CE286EDD44DB}.Debug|ARM.ActiveCfg = Debug|iPhone
		{44D1C27D-70D0-4AE2-B90C-CE286EDD44DB}.Debug|ARM.Build.0 = Debug|iPhone
		{44D1C27D-70D0-4AE2-B90C-CE286EDD44DB}.Debug|ARM.Deploy.0 = Debug|iPhone
		{44D1C27D-70D0-4AE2-B90C-CE286EDD44DB}.Debug|iPhone.ActiveCfg = Debug|iPhone
		{44D1C27D-70D0-4AE2-B90C-CE286EDD44DB}.Debug|iPhone.Build.0 = Debug|iPhone
		{44D1C27D-70D0-4AE2-B90C-CE286EDD44DB}.Debug|iPhone.Deploy.0 = Debug|iPhone
		{44D1C27D-70D0-4AE2-B90C-CE286EDD44DB}.Debug|iPhoneSimulator.ActiveCfg = Debug|iPhoneSimulator
		{44D1C27D-70D0-4AE2-B90C-CE286EDD44DB}.Debug|iPhoneSimulator.Build.0 = Debug|iPhoneSimulator
		{44D1C27D-70D0-4AE2-B90C-CE286EDD44DB}.Debug|iPhoneSimulator.Deploy.0 = Debug|iPhoneSimulator
		{44D1C27D-70D0-4AE2-B90C-CE286EDD44DB}.Debug|x64.ActiveCfg = Debug|iPhone
		{44D1C27D-70D0-4AE2-B90C-CE286EDD44DB}.Debug|x64.Build.0 = Debug|iPhone
		{44D1C27D-70D0-4AE2-B90C-CE286EDD44DB}.Debug|x64.Deploy.0 = Debug|iPhone
		{44D1C27D-70D0-4AE2-B90C-CE286EDD44DB}.Debug|x86.ActiveCfg = Debug|iPhone
		{44D1C27D-70D0-4AE2-B90C-CE286EDD44DB}.Debug|x86.Build.0 = Debug|iPhone
		{44D1C27D-70D0-4AE2-B90C-CE286EDD44DB}.Debug|x86.Deploy.0 = Debug|iPhone
		{44D1C27D-70D0-4AE2-B90C-CE286EDD44DB}.Release|Any CPU.ActiveCfg = Release|iPhone
		{44D1C27D-70D0-4AE2-B90C-CE286EDD44DB}.Release|Any CPU.Build.0 = Release|iPhone
		{44D1C27D-70D0-4AE2-B90C-CE286EDD44DB}.Release|Any CPU.Deploy.0 = Release|iPhone
		{44D1C27D-70D0-4AE2-B90C-CE286EDD44DB}.Release|ARM.ActiveCfg = Release|iPhone
		{44D1C27D-70D0-4AE2-B90C-CE286EDD44DB}.Release|ARM.Build.0 = Release|iPhone
		{44D1C27D-70D0-4AE2-B90C-CE286EDD44DB}.Release|ARM.Deploy.0 = Release|iPhone
		{44D1C27D-70D0-4AE2-B90C-CE286EDD44DB}.Release|iPhone.ActiveCfg = Release|iPhone
		{44D1C27D-70D0-4AE2-B90C-CE286EDD44DB}.Release|iPhone.Build.0 = Release|iPhone
		{44D1C27D-70D0-4AE2-B90C-CE286EDD44DB}.Release|iPhone.Deploy.0 = Release|iPhone
		{44D1C27D-70D0-4AE2-B90C-CE286EDD44DB}.Release|iPhoneSimulator.ActiveCfg = Release|iPhoneSimulator
		{44D1C27D-70D0-4AE2-B90C-CE286EDD44DB}.Release|iPhoneSimulator.Build.0 = Release|iPhoneSimulator
		{44D1C27D-70D0-4AE2-B90C-CE286EDD44DB}.Release|iPhoneSimulator.Deploy.0 = Release|iPhoneSimulator
		{44D1C27D-70D0-4AE2-B90C-CE286EDD44DB}.Release|x64.ActiveCfg = Release|iPhone
		{44D1C27D-70D0-4AE2-B90C-CE286EDD44DB}.Release|x64.Build.0 = Release|iPhone
		{44D1C27D-70D0-4AE2-B90C-CE286EDD44DB}.Release|x64.Deploy.0 = Release|iPhone
		{44D1C27D-70D0-4AE2-B90C-CE286EDD44DB}.Release|x86.ActiveCfg = Release|iPhone
		{44D1C27D-70D0-4AE2-B90C-CE286EDD44DB}.Release|x86.Build.0 = Release|iPhone
		{44D1C27D-70D0-4AE2-B90C-CE286EDD44DB}.Release|x86.Deploy.0 = Release|iPhone
		{AE28CD46-3024-455C-BA36-C3352E6FCF69}.Ad-Hoc|Any CPU.ActiveCfg = Release|x86
		{AE28CD46-3024-455C-BA36-C3352E6FCF69}.Ad-Hoc|Any CPU.Build.0 = Release|x86
		{AE28CD46-3024-455C-BA36-C3352E6FCF69}.Ad-Hoc|Any CPU.Deploy.0 = Release|x86
		{AE28CD46-3024-455C-BA36-C3352E6FCF69}.Ad-Hoc|ARM.ActiveCfg = Release|ARM
		{AE28CD46-3024-455C-BA36-C3352E6FCF69}.Ad-Hoc|ARM.Build.0 = Release|ARM
		{AE28CD46-3024-455C-BA36-C3352E6FCF69}.Ad-Hoc|ARM.Deploy.0 = Release|ARM
		{AE28CD46-3024-455C-BA36-C3352E6FCF69}.Ad-Hoc|iPhone.ActiveCfg = Release|x86
		{AE28CD46-3024-455C-BA36-C3352E6FCF69}.Ad-Hoc|iPhone.Build.0 = Release|x86
		{AE28CD46-3024-455C-BA36-C3352E6FCF69}.Ad-Hoc|iPhone.Deploy.0 = Release|x86
		{AE28CD46-3024-455C-BA36-C3352E6FCF69}.Ad-Hoc|iPhoneSimulator.ActiveCfg = Release|x86
		{AE28CD46-3024-455C-BA36-C3352E6FCF69}.Ad-Hoc|iPhoneSimulator.Build.0 = Release|x86
		{AE28CD46-3024-455C-BA36-C3352E6FCF69}.Ad-Hoc|iPhoneSimulator.Deploy.0 = Release|x86
		{AE28CD46-3024-455C-BA36-C3352E6FCF69}.Ad-Hoc|x64.ActiveCfg = Release|x64
		{AE28CD46-3024-455C-BA36-C3352E6FCF69}.Ad-Hoc|x64.Build.0 = Release|x64
		{AE28CD46-3024-455C-BA36-C3352E6FCF69}.Ad-Hoc|x64.Deploy.0 = Release|x64
		{AE28CD46-3024-455C-BA36-C3352E6FCF69}.Ad-Hoc|x86.ActiveCfg = Release|x86
		{AE28CD46-3024-455C-BA36-C3352E6FCF69}.Ad-Hoc|x86.Build.0 = Release|x86
		{AE28CD46-3024-455C-BA36-C3352E6FCF69}.Ad-Hoc|x86.Deploy.0 = Release|x86
		{AE28CD46-3024-455C-BA36-C3352E6FCF69}.AppStore|Any CPU.ActiveCfg = Release|x86
		{AE28CD46-3024-455C-BA36-C3352E6FCF69}.AppStore|Any CPU.Build.0 = Release|x86
		{AE28CD46-3024-455C-BA36-C3352E6FCF69}.AppStore|Any CPU.Deploy.0 = Release|x86
		{AE28CD46-3024-455C-BA36-C3352E6FCF69}.AppStore|ARM.ActiveCfg = Release|ARM
		{AE28CD46-3024-455C-BA36-C3352E6FCF69}.AppStore|ARM.Build.0 = Release|ARM
		{AE28CD46-3024-455C-BA36-C3352E6FCF69}.AppStore|ARM.Deploy.0 = Release|ARM
		{AE28CD46-3024-455C-BA36-C3352E6FCF69}.AppStore|iPhone.ActiveCfg = Release|x86
		{AE28CD46-3024-455C-BA36-C3352E6FCF69}.AppStore|iPhone.Build.0 = Release|x86
		{AE28CD46-3024-455C-BA36-C3352E6FCF69}.AppStore|iPhone.Deploy.0 = Release|x86
		{AE28CD46-3024-455C-BA36-C3352E6FCF69}.AppStore|iPhoneSimulator.ActiveCfg = Release|x86
		{AE28CD46-3024-455C-BA36-C3352E6FCF69}.AppStore|iPhoneSimulator.Build.0 = Release|x86
		{AE28CD46-3024-455C-BA36-C3352E6FCF69}.AppStore|iPhoneSimulator.Deploy.0 = Release|x86
		{AE28CD46-3024-455C-BA36-C3352E6FCF69}.AppStore|x64.ActiveCfg = Release|x64
		{AE28CD46-3024-455C-BA36-C3352E6FCF69}.AppStore|x64.Build.0 = Release|x64
		{AE28CD46-3024-455C-BA36-C3352E6FCF69}.AppStore|x64.Deploy.0 = Release|x64
		{AE28CD46-3024-455C-BA36-C3352E6FCF69}.AppStore|x86.ActiveCfg = Release|x86
		{AE28CD46-3024-455C-BA36-C3352E6FCF69}.AppStore|x86.Build.0 = Release|x86
		{AE28CD46-3024-455C-BA36-C3352E6FCF69}.AppStore|x86.Deploy.0 = Release|x86
		{AE28CD46-3024-455C-BA36-C3352E6FCF69}.Debug|Any CPU.ActiveCfg = Debug|x86
		{AE28CD46-3024-455C-BA36-C3352E6FCF69}.Debug|Any CPU.Build.0 = Debug|x86
		{AE28CD46-3024-455C-BA36-C3352E6FCF69}.Debug|Any CPU.Deploy.0 = Debug|x86
		{AE28CD46-3024-455C-BA36-C3352E6FCF69}.Debug|ARM.ActiveCfg = Debug|ARM
		{AE28CD46-3024-455C-BA36-C3352E6FCF69}.Debug|ARM.Build.0 = Debug|ARM
		{AE28CD46-3024-455C-BA36-C3352E6FCF69}.Debug|ARM.Deploy.0 = Debug|ARM
		{AE28CD46-3024-455C-BA36-C3352E6FCF69}.Debug|iPhone.ActiveCfg = Debug|x86
		{AE28CD46-3024-455C-BA36-C3352E6FCF69}.Debug|iPhone.Build.0 = Debug|x86
		{AE28CD46-3024-455C-BA36-C3352E6FCF69}.Debug|iPhone.Deploy.0 = Debug|x86
		{AE28CD46-3024-455C-BA36-C3352E6FCF69}.Debug|iPhoneSimulator.ActiveCfg = Debug|x86
		{AE28CD46-3024-455C-BA36-C3352E6FCF69}.Debug|iPhoneSimulator.Build.0 = Debug|x86
		{AE28CD46-3024-455C-BA36-C3352E6FCF69}.Debug|iPhoneSimulator.Deploy.0 = Debug|x86
		{AE28CD46-3024-455C-BA36-C3352E6FCF69}.Debug|x64.ActiveCfg = Debug|x64
		{AE28CD46-3024-455C-BA36-C3352E6FCF69}.Debug|x64.Build.0 = Debug|x64
		{AE28CD46-3024-455C-BA36-C3352E6FCF69}.Debug|x64.Deploy.0 = Debug|x64
		{AE28CD46-3024-455C-BA36-C3352E6FCF69}.Debug|x86.ActiveCfg = Debug|x86
		{AE28CD46-3024-455C-BA36-C3352E6FCF69}.Debug|x86.Build.0 = Debug|x86
		{AE28CD46-3024-455C-BA36-C3352E6FCF69}.Debug|x86.Deploy.0 = Debug|x86
		{AE28CD46-3024-455C-BA36-C3352E6FCF69}.Release|Any CPU.ActiveCfg = Release|x86
		{AE28CD46-3024-455C-BA36-C3352E6FCF69}.Release|Any CPU.Build.0 = Release|x86
		{AE28CD46-3024-455C-BA36-C3352E6FCF69}.Release|Any CPU.Deploy.0 = Release|x86
		{AE28CD46-3024-455C-BA36-C3352E6FCF69}.Release|ARM.ActiveCfg = Release|ARM
		{AE28CD46-3024-455C-BA36-C3352E6FCF69}.Release|ARM.Build.0 = Release|ARM
		{AE28CD46-3024-455C-BA36-C3352E6FCF69}.Release|ARM.Deploy.0 = Release|ARM
		{AE28CD46-3024-455C-BA36-C3352E6FCF69}.Release|iPhone.ActiveCfg = Release|x86
		{AE28CD46-3024-455C-BA36-C3352E6FCF69}.Release|iPhone.Build.0 = Release|x86
		{AE28CD46-3024-455C-BA36-C3352E6FCF69}.Release|iPhone.Deploy.0 = Release|x86
		{AE28CD46-3024-455C-BA36-C3352E6FCF69}.Release|iPhoneSimulator.ActiveCfg = Release|x86
		{AE28CD46-3024-455C-BA36-C3352E6FCF69}.Release|iPhoneSimulator.Build.0 = Release|x86
		{AE28CD46-3024-455C-BA36-C3352E6FCF69}.Release|iPhoneSimulator.Deploy.0 = Release|x86
		{AE28CD46-3024-455C-BA36-C3352E6FCF69}.Release|x64.ActiveCfg = Release|x64
		{AE28CD46-3024-455C-BA36-C3352E6FCF69}.Release|x64.Build.0 = Release|x64
		{AE28CD46-3024-455C-BA36-C3352E6FCF69}.Release|x64.Deploy.0 = Release|x64
		{AE28CD46-3024-455C-BA36-C3352E6FCF69}.Release|x86.ActiveCfg = Release|x86
		{AE28CD46-3024-455C-BA36-C3352E6FCF69}.Release|x86.Build.0 = Release|x86
		{AE28CD46-3024-455C-BA36-C3352E6FCF69}.Release|x86.Deploy.0 = Release|x86
		{FAD6062B-EF75-4AFC-8FEE-AABF79670528}.Ad-Hoc|Any CPU.ActiveCfg = Debug|Any CPU
		{FAD6062B-EF75-4AFC-8FEE-AABF79670528}.Ad-Hoc|Any CPU.Build.0 = Debug|Any CPU
		{FAD6062B-EF75-4AFC-8FEE-AABF79670528}.Ad-Hoc|Any CPU.Deploy.0 = Debug|Any CPU
		{FAD6062B-EF75-4AFC-8FEE-AABF79670528}.Ad-Hoc|ARM.ActiveCfg = Debug|Any CPU
		{FAD6062B-EF75-4AFC-8FEE-AABF79670528}.Ad-Hoc|ARM.Build.0 = Debug|Any CPU
		{FAD6062B-EF75-4AFC-8FEE-AABF79670528}.Ad-Hoc|ARM.Deploy.0 = Debug|Any CPU
		{FAD6062B-EF75-4AFC-8FEE-AABF79670528}.Ad-Hoc|iPhone.ActiveCfg = Debug|Any CPU
		{FAD6062B-EF75-4AFC-8FEE-AABF79670528}.Ad-Hoc|iPhone.Build.0 = Debug|Any CPU
		{FAD6062B-EF75-4AFC-8FEE-AABF79670528}.Ad-Hoc|iPhone.Deploy.0 = Debug|Any CPU
		{FAD6062B-EF75-4AFC-8FEE-AABF79670528}.Ad-Hoc|iPhoneSimulator.ActiveCfg = Debug|Any CPU
		{FAD6062B-EF75-4AFC-8FEE-AABF79670528}.Ad-Hoc|iPhoneSimulator.Build.0 = Debug|Any CPU
		{FAD6062B-EF75-4AFC-8FEE-AABF79670528}.Ad-Hoc|iPhoneSimulator.Deploy.0 = Debug|Any CPU
		{FAD6062B-EF75-4AFC-8FEE-AABF79670528}.Ad-Hoc|x64.ActiveCfg = Debug|Any CPU
		{FAD6062B-EF75-4AFC-8FEE-AABF79670528}.Ad-Hoc|x64.Build.0 = Debug|Any CPU
		{FAD6062B-EF75-4AFC-8FEE-AABF79670528}.Ad-Hoc|x64.Deploy.0 = Debug|Any CPU
		{FAD6062B-EF75-4AFC-8FEE-AABF79670528}.Ad-Hoc|x86.ActiveCfg = Debug|Any CPU
		{FAD6062B-EF75-4AFC-8FEE-AABF79670528}.Ad-Hoc|x86.Build.0 = Debug|Any CPU
		{FAD6062B-EF75-4AFC-8FEE-AABF79670528}.Ad-Hoc|x86.Deploy.0 = Debug|Any CPU
		{FAD6062B-EF75-4AFC-8FEE-AABF79670528}.AppStore|Any CPU.ActiveCfg = Debug|Any CPU
		{FAD6062B-EF75-4AFC-8FEE-AABF79670528}.AppStore|Any CPU.Build.0 = Debug|Any CPU
		{FAD6062B-EF75-4AFC-8FEE-AABF79670528}.AppStore|Any CPU.Deploy.0 = Debug|Any CPU
		{FAD6062B-EF75-4AFC-8FEE-AABF79670528}.AppStore|ARM.ActiveCfg = Debug|Any CPU
		{FAD6062B-EF75-4AFC-8FEE-AABF79670528}.AppStore|ARM.Build.0 = Debug|Any CPU
		{FAD6062B-EF75-4AFC-8FEE-AABF79670528}.AppStore|ARM.Deploy.0 = Debug|Any CPU
		{FAD6062B-EF75-4AFC-8FEE-AABF79670528}.AppStore|iPhone.ActiveCfg = Debug|Any CPU
		{FAD6062B-EF75-4AFC-8FEE-AABF79670528}.AppStore|iPhone.Build.0 = Debug|Any CPU
		{FAD6062B-EF75-4AFC-8FEE-AABF79670528}.AppStore|iPhone.Deploy.0 = Debug|Any CPU
		{FAD6062B-EF75-4AFC-8FEE-AABF79670528}.AppStore|iPhoneSimulator.ActiveCfg = Debug|Any CPU
		{FAD6062B-EF75-4AFC-8FEE-AABF79670528}.AppStore|iPhoneSimulator.Build.0 = Debug|Any CPU
		{FAD6062B-EF75-4AFC-8FEE-AABF79670528}.AppStore|iPhoneSimulator.Deploy.0 = Debug|Any CPU
		{FAD6062B-EF75-4AFC-8FEE-AABF79670528}.AppStore|x64.ActiveCfg = Debug|Any CPU
		{FAD6062B-EF75-4AFC-8FEE-AABF79670528}.AppStore|x64.Build.0 = Debug|Any CPU
		{FAD6062B-EF75-4AFC-8FEE-AABF79670528}.AppStore|x64.Deploy.0 = Debug|Any CPU
		{FAD6062B-EF75-4AFC-8FEE-AABF79670528}.AppStore|x86.ActiveCfg = Debug|Any CPU
		{FAD6062B-EF75-4AFC-8FEE-AABF79670528}.AppStore|x86.Build.0 = Debug|Any CPU
		{FAD6062B-EF75-4AFC-8FEE-AABF79670528}.AppStore|x86.Deploy.0 = Debug|Any CPU
		{FAD6062B-EF75-4AFC-8FEE-AABF79670528}.Debug|Any CPU.ActiveCfg = Debug|Any CPU
		{FAD6062B-EF75-4AFC-8FEE-AABF79670528}.Debug|Any CPU.Build.0 = Debug|Any CPU
		{FAD6062B-EF75-4AFC-8FEE-AABF79670528}.Debug|Any CPU.Deploy.0 = Debug|Any CPU
		{FAD6062B-EF75-4AFC-8FEE-AABF79670528}.Debug|ARM.ActiveCfg = Debug|Any CPU
		{FAD6062B-EF75-4AFC-8FEE-AABF79670528}.Debug|ARM.Build.0 = Debug|Any CPU
		{FAD6062B-EF75-4AFC-8FEE-AABF79670528}.Debug|ARM.Deploy.0 = Debug|Any CPU
		{FAD6062B-EF75-4AFC-8FEE-AABF79670528}.Debug|iPhone.ActiveCfg = Debug|Any CPU
		{FAD6062B-EF75-4AFC-8FEE-AABF79670528}.Debug|iPhone.Build.0 = Debug|Any CPU
		{FAD6062B-EF75-4AFC-8FEE-AABF79670528}.Debug|iPhone.Deploy.0 = Debug|Any CPU
		{FAD6062B-EF75-4AFC-8FEE-AABF79670528}.Debug|iPhoneSimulator.ActiveCfg = Debug|Any CPU
		{FAD6062B-EF75-4AFC-8FEE-AABF79670528}.Debug|iPhoneSimulator.Build.0 = Debug|Any CPU
		{FAD6062B-EF75-4AFC-8FEE-AABF79670528}.Debug|iPhoneSimulator.Deploy.0 = Debug|Any CPU
		{FAD6062B-EF75-4AFC-8FEE-AABF79670528}.Debug|x64.ActiveCfg = Debug|Any CPU
		{FAD6062B-EF75-4AFC-8FEE-AABF79670528}.Debug|x64.Build.0 = Debug|Any CPU
		{FAD6062B-EF75-4AFC-8FEE-AABF79670528}.Debug|x64.Deploy.0 = Debug|Any CPU
		{FAD6062B-EF75-4AFC-8FEE-AABF79670528}.Debug|x86.ActiveCfg = Debug|Any CPU
		{FAD6062B-EF75-4AFC-8FEE-AABF79670528}.Debug|x86.Build.0 = Debug|Any CPU
		{FAD6062B-EF75-4AFC-8FEE-AABF79670528}.Debug|x86.Deploy.0 = Debug|Any CPU
		{FAD6062B-EF75-4AFC-8FEE-AABF79670528}.Release|Any CPU.ActiveCfg = Release|Any CPU
		{FAD6062B-EF75-4AFC-8FEE-AABF79670528}.Release|Any CPU.Build.0 = Release|Any CPU
		{FAD6062B-EF75-4AFC-8FEE-AABF79670528}.Release|Any CPU.Deploy.0 = Release|Any CPU
		{FAD6062B-EF75-4AFC-8FEE-AABF79670528}.Release|ARM.ActiveCfg = Release|Any CPU
		{FAD6062B-EF75-4AFC-8FEE-AABF79670528}.Release|ARM.Build.0 = Release|Any CPU
		{FAD6062B-EF75-4AFC-8FEE-AABF79670528}.Release|ARM.Deploy.0 = Release|Any CPU
		{FAD6062B-EF75-4AFC-8FEE-AABF79670528}.Release|iPhone.ActiveCfg = Release|Any CPU
		{FAD6062B-EF75-4AFC-8FEE-AABF79670528}.Release|iPhone.Build.0 = Release|Any CPU
		{FAD6062B-EF75-4AFC-8FEE-AABF79670528}.Release|iPhone.Deploy.0 = Release|Any CPU
		{FAD6062B-EF75-4AFC-8FEE-AABF79670528}.Release|iPhoneSimulator.ActiveCfg = Release|Any CPU
		{FAD6062B-EF75-4AFC-8FEE-AABF79670528}.Release|iPhoneSimulator.Build.0 = Release|Any CPU
		{FAD6062B-EF75-4AFC-8FEE-AABF79670528}.Release|iPhoneSimulator.Deploy.0 = Release|Any CPU
		{FAD6062B-EF75-4AFC-8FEE-AABF79670528}.Release|x64.ActiveCfg = Release|Any CPU
		{FAD6062B-EF75-4AFC-8FEE-AABF79670528}.Release|x64.Build.0 = Release|Any CPU
		{FAD6062B-EF75-4AFC-8FEE-AABF79670528}.Release|x64.Deploy.0 = Release|Any CPU
		{FAD6062B-EF75-4AFC-8FEE-AABF79670528}.Release|x86.ActiveCfg = Release|Any CPU
		{FAD6062B-EF75-4AFC-8FEE-AABF79670528}.Release|x86.Build.0 = Release|Any CPU
		{FAD6062B-EF75-4AFC-8FEE-AABF79670528}.Release|x86.Deploy.0 = Release|Any CPU
	EndGlobalSection
	GlobalSection(SolutionProperties) = preSolution
		HideSolutionNode = FALSE
	EndGlobalSection
	GlobalSection(ExtensibilityGlobals) = postSolution
		SolutionGuid = {B3CFB2EE-DE1D-4B6E-9159-720922C1E72D}
	EndGlobalSection
EndGlobal
